// !$*UTF8*$!
{
	archiveVersion = 1;
	classes = {
	};
	objectVersion = 46;
	objects = {

/* Begin PBXBuildFile section */
		E00FE2791BF014CC00BBC45A /* CypressTabBarViewController.swift in Sources */ = {isa = PBXBuildFile; fileRef = E00FE2781BF014CC00BBC45A /* CypressTabBarViewController.swift */; };
		E00FE27B1BF0223400BBC45A /* AppState.swift in Sources */ = {isa = PBXBuildFile; fileRef = E00FE27A1BF0223400BBC45A /* AppState.swift */; };
		E0363E601BEDA1F800C8584F /* FileContentsViewController.swift in Sources */ = {isa = PBXBuildFile; fileRef = E0363E5F1BEDA1F800C8584F /* FileContentsViewController.swift */; };
		E0363E651BEE5BBB00C8584F /* FileBrowserNavigationController.swift in Sources */ = {isa = PBXBuildFile; fileRef = E0363E641BEE5BBB00C8584F /* FileBrowserNavigationController.swift */; };
		E04F43A71BFD50D300AEAE40 /* RxSwift.framework in Frameworks */ = {isa = PBXBuildFile; fileRef = E04F43901BFD50D300AEAE40 /* RxSwift.framework */; };
		E04F43A81BFD50D300AEAE40 /* RxSwift.framework in Embed Frameworks */ = {isa = PBXBuildFile; fileRef = E04F43901BFD50D300AEAE40 /* RxSwift.framework */; settings = {ATTRIBUTES = (CodeSignOnCopy, RemoveHeadersOnCopy, ); }; };
		E04F43AD1BFD50EF00AEAE40 /* RxCocoa.framework in Frameworks */ = {isa = PBXBuildFile; fileRef = E04F43981BFD50D300AEAE40 /* RxCocoa.framework */; };
		E04F43AE1BFD50EF00AEAE40 /* RxCocoa.framework in Embed Frameworks */ = {isa = PBXBuildFile; fileRef = E04F43981BFD50D300AEAE40 /* RxCocoa.framework */; settings = {ATTRIBUTES = (CodeSignOnCopy, RemoveHeadersOnCopy, ); }; };
		E04F43B11BFD50F000AEAE40 /* RxBlocking.framework in Frameworks */ = {isa = PBXBuildFile; fileRef = E04F43A01BFD50D300AEAE40 /* RxBlocking.framework */; };
		E04F43B21BFD50F000AEAE40 /* RxBlocking.framework in Embed Frameworks */ = {isa = PBXBuildFile; fileRef = E04F43A01BFD50D300AEAE40 /* RxBlocking.framework */; settings = {ATTRIBUTES = (CodeSignOnCopy, RemoveHeadersOnCopy, ); }; };
		E053FC4C1BFBADAE00B09411 /* RepositoryManager.swift in Sources */ = {isa = PBXBuildFile; fileRef = E053FC4B1BFBADAE00B09411 /* RepositoryManager.swift */; };
		E06EB6B21BF7D5500035D2E6 /* FileContentsConfigViewController.swift in Sources */ = {isa = PBXBuildFile; fileRef = E06EB6B11BF7D5500035D2E6 /* FileContentsConfigViewController.swift */; };
		E06EB6B71BF7D6F70035D2E6 /* SwitchTableViewCell.swift in Sources */ = {isa = PBXBuildFile; fileRef = E06EB6B51BF7D6F70035D2E6 /* SwitchTableViewCell.swift */; };
		E06EB6B81BF7D6F70035D2E6 /* SwitchTableViewCell.xib in Resources */ = {isa = PBXBuildFile; fileRef = E06EB6B61BF7D6F70035D2E6 /* SwitchTableViewCell.xib */; };
		E06EB6BD1BF7DBA30035D2E6 /* FileContentsViewSettings.swift in Sources */ = {isa = PBXBuildFile; fileRef = E06EB6BC1BF7DBA30035D2E6 /* FileContentsViewSettings.swift */; };
		E06EB6C11BF7E3990035D2E6 /* CypressNavigationController.swift in Sources */ = {isa = PBXBuildFile; fileRef = E06EB6C01BF7E3990035D2E6 /* CypressNavigationController.swift */; };
		E06EB6C31BF7EEF20035D2E6 /* OpenFile.swift in Sources */ = {isa = PBXBuildFile; fileRef = E06EB6C21BF7EEF20035D2E6 /* OpenFile.swift */; };
		E0954D1B1BED713F00649A5E /* RepositoryTableViewController.swift in Sources */ = {isa = PBXBuildFile; fileRef = E0954D1A1BED713F00649A5E /* RepositoryTableViewController.swift */; };
		E0954D231BED74D200649A5E /* CypressFunctions.swift in Sources */ = {isa = PBXBuildFile; fileRef = E0954D221BED74D200649A5E /* CypressFunctions.swift */; };
		E0A7751D1BE691EF0021EE34 /* GitUpKit.framework in Frameworks */ = {isa = PBXBuildFile; fileRef = E0A775131BE68FB20021EE34 /* GitUpKit.framework */; };
		E0A7751E1BE691EF0021EE34 /* GitUpKit.framework in Embed Frameworks */ = {isa = PBXBuildFile; fileRef = E0A775131BE68FB20021EE34 /* GitUpKit.framework */; settings = {ATTRIBUTES = (CodeSignOnCopy, RemoveHeadersOnCopy, ); }; };
		E0AAF3A21BFD863A00320EA2 /* RepositoryViewModel.swift in Sources */ = {isa = PBXBuildFile; fileRef = E0AAF3A11BFD863A00320EA2 /* RepositoryViewModel.swift */; };
		E0C713161BEEC8CD008595B9 /* RepositoryTableViewCell.swift in Sources */ = {isa = PBXBuildFile; fileRef = E0C713141BEEC8CD008595B9 /* RepositoryTableViewCell.swift */; };
		E0C713171BEEC8CD008595B9 /* RepositoryTableViewCell.xib in Resources */ = {isa = PBXBuildFile; fileRef = E0C713151BEEC8CD008595B9 /* RepositoryTableViewCell.xib */; };
		E0D2078C1BF85A3A000B54D1 /* DirectoryContents.swift in Sources */ = {isa = PBXBuildFile; fileRef = E0D2078B1BF85A3A000B54D1 /* DirectoryContents.swift */; };
		E0DCEDCA1BFD9490000F7164 /* RepositoryCloningDelegate.swift in Sources */ = {isa = PBXBuildFile; fileRef = E0DCEDC91BFD9490000F7164 /* RepositoryCloningDelegate.swift */; };
		E0DCEDF21BFE43D1000F7164 /* Changeset.swift in Sources */ = {isa = PBXBuildFile; fileRef = E0DCEDE21BFE43D1000F7164 /* Changeset.swift */; };
		E0DCEDF31BFE43D1000F7164 /* RxCollectionViewSectionedAnimatedDataSource.swift in Sources */ = {isa = PBXBuildFile; fileRef = E0DCEDE41BFE43D1000F7164 /* RxCollectionViewSectionedAnimatedDataSource.swift */; };
		E0DCEDF41BFE43D1000F7164 /* RxCollectionViewSectionedDataSource.swift in Sources */ = {isa = PBXBuildFile; fileRef = E0DCEDE51BFE43D1000F7164 /* RxCollectionViewSectionedDataSource.swift */; };
		E0DCEDF51BFE43D1000F7164 /* RxCollectionViewSectionedReloadDataSource.swift in Sources */ = {isa = PBXBuildFile; fileRef = E0DCEDE61BFE43D1000F7164 /* RxCollectionViewSectionedReloadDataSource.swift */; };
		E0DCEDF61BFE43D1000F7164 /* RxTableViewSectionedAnimatedDataSource.swift in Sources */ = {isa = PBXBuildFile; fileRef = E0DCEDE71BFE43D1000F7164 /* RxTableViewSectionedAnimatedDataSource.swift */; };
		E0DCEDF71BFE43D1000F7164 /* RxTableViewSectionedDataSource.swift in Sources */ = {isa = PBXBuildFile; fileRef = E0DCEDE81BFE43D1000F7164 /* RxTableViewSectionedDataSource.swift */; };
		E0DCEDF81BFE43D1000F7164 /* RxTableViewSectionedReloadDataSource.swift in Sources */ = {isa = PBXBuildFile; fileRef = E0DCEDE91BFE43D1000F7164 /* RxTableViewSectionedReloadDataSource.swift */; };
		E0DCEDF91BFE43D1000F7164 /* Differentiator.swift in Sources */ = {isa = PBXBuildFile; fileRef = E0DCEDEA1BFE43D1000F7164 /* Differentiator.swift */; };
		E0DCEDFA1BFE43D1000F7164 /* ObservableConvertibleType+Differentiator.swift in Sources */ = {isa = PBXBuildFile; fileRef = E0DCEDEB1BFE43D1000F7164 /* ObservableConvertibleType+Differentiator.swift */; };
		E0DCEDFB1BFE43D1000F7164 /* README.md in Sources */ = {isa = PBXBuildFile; fileRef = E0DCEDEC1BFE43D1000F7164 /* README.md */; };
		E0DCEDFC1BFE43D1000F7164 /* RxDataSourceStarterKit.swift in Sources */ = {isa = PBXBuildFile; fileRef = E0DCEDED1BFE43D1000F7164 /* RxDataSourceStarterKit.swift */; };
		E0DCEDFD1BFE43D1000F7164 /* SectionedViewType.swift in Sources */ = {isa = PBXBuildFile; fileRef = E0DCEDEE1BFE43D1000F7164 /* SectionedViewType.swift */; };
		E0DCEDFE1BFE43D1000F7164 /* SectionModel.swift in Sources */ = {isa = PBXBuildFile; fileRef = E0DCEDEF1BFE43D1000F7164 /* SectionModel.swift */; };
		E0DCEDFF1BFE43D1000F7164 /* SectionModelType.swift in Sources */ = {isa = PBXBuildFile; fileRef = E0DCEDF01BFE43D1000F7164 /* SectionModelType.swift */; };
		E0DCEE001BFE43D1000F7164 /* UISectionedViewType+RxAnimatedDataSource.swift in Sources */ = {isa = PBXBuildFile; fileRef = E0DCEDF11BFE43D1000F7164 /* UISectionedViewType+RxAnimatedDataSource.swift */; };
		E0DEAF561BE685840018EA8B /* AppDelegate.swift in Sources */ = {isa = PBXBuildFile; fileRef = E0DEAF551BE685840018EA8B /* AppDelegate.swift */; };
		E0DEAF5B1BE685840018EA8B /* Main.storyboard in Resources */ = {isa = PBXBuildFile; fileRef = E0DEAF591BE685840018EA8B /* Main.storyboard */; };
		E0DEAF5D1BE685840018EA8B /* Assets.xcassets in Resources */ = {isa = PBXBuildFile; fileRef = E0DEAF5C1BE685840018EA8B /* Assets.xcassets */; };
		E0DEAF601BE685840018EA8B /* LaunchScreen.storyboard in Resources */ = {isa = PBXBuildFile; fileRef = E0DEAF5E1BE685840018EA8B /* LaunchScreen.storyboard */; };
		E0DEAF6B1BE685840018EA8B /* CypressTests.swift in Sources */ = {isa = PBXBuildFile; fileRef = E0DEAF6A1BE685840018EA8B /* CypressTests.swift */; };
		E0DEAF761BE685840018EA8B /* CypressUITests.swift in Sources */ = {isa = PBXBuildFile; fileRef = E0DEAF751BE685840018EA8B /* CypressUITests.swift */; };
		E0E5D8271BEFAD220010A976 /* FileBrowserTableViewController.swift in Sources */ = {isa = PBXBuildFile; fileRef = E0E5D8261BEFAD220010A976 /* FileBrowserTableViewController.swift */; };
		E0E5D82C1BEFE76F0010A976 /* NavigationHistoryTableViewController.swift in Sources */ = {isa = PBXBuildFile; fileRef = E0E5D82A1BEFE76F0010A976 /* NavigationHistoryTableViewController.swift */; };
		E0F815D91C00CD7A00EFAEC7 /* ArrayExtensions.swift in Sources */ = {isa = PBXBuildFile; fileRef = E0F815BD1C00CD7A00EFAEC7 /* ArrayExtensions.swift */; };
		E0F815DA1C00CD7A00EFAEC7 /* BlockButton.swift in Sources */ = {isa = PBXBuildFile; fileRef = E0F815BE1C00CD7A00EFAEC7 /* BlockButton.swift */; };
		E0F815DB1C00CD7A00EFAEC7 /* BlockLongPress.swift in Sources */ = {isa = PBXBuildFile; fileRef = E0F815BF1C00CD7A00EFAEC7 /* BlockLongPress.swift */; };
		E0F815DC1C00CD7A00EFAEC7 /* BlockPan.swift in Sources */ = {isa = PBXBuildFile; fileRef = E0F815C01C00CD7A00EFAEC7 /* BlockPan.swift */; };
		E0F815DD1C00CD7A00EFAEC7 /* BlockPinch.swift in Sources */ = {isa = PBXBuildFile; fileRef = E0F815C11C00CD7A00EFAEC7 /* BlockPinch.swift */; };
		E0F815DE1C00CD7A00EFAEC7 /* BlockSwipe.swift in Sources */ = {isa = PBXBuildFile; fileRef = E0F815C21C00CD7A00EFAEC7 /* BlockSwipe.swift */; };
		E0F815DF1C00CD7A00EFAEC7 /* BlockTap.swift in Sources */ = {isa = PBXBuildFile; fileRef = E0F815C31C00CD7A00EFAEC7 /* BlockTap.swift */; };
		E0F815E01C00CD7A00EFAEC7 /* BlockWebView.swift in Sources */ = {isa = PBXBuildFile; fileRef = E0F815C41C00CD7A00EFAEC7 /* BlockWebView.swift */; };
		E0F815E11C00CD7A00EFAEC7 /* BoolExtentions.swift in Sources */ = {isa = PBXBuildFile; fileRef = E0F815C51C00CD7A00EFAEC7 /* BoolExtentions.swift */; };
		E0F815E21C00CD7A00EFAEC7 /* CGFloatExtensions.swift in Sources */ = {isa = PBXBuildFile; fileRef = E0F815C61C00CD7A00EFAEC7 /* CGFloatExtensions.swift */; };
		E0F815E31C00CD7A00EFAEC7 /* CGRectExtensions.swift in Sources */ = {isa = PBXBuildFile; fileRef = E0F815C71C00CD7A00EFAEC7 /* CGRectExtensions.swift */; };
		E0F815E41C00CD7A00EFAEC7 /* DictionaryExtensions.swift in Sources */ = {isa = PBXBuildFile; fileRef = E0F815C81C00CD7A00EFAEC7 /* DictionaryExtensions.swift */; };
		E0F815E51C00CD7A00EFAEC7 /* EZSwiftExtensions.swift in Sources */ = {isa = PBXBuildFile; fileRef = E0F815C91C00CD7A00EFAEC7 /* EZSwiftExtensions.swift */; };
		E0F815E61C00CD7A00EFAEC7 /* IntExtentions.swift in Sources */ = {isa = PBXBuildFile; fileRef = E0F815CA1C00CD7A00EFAEC7 /* IntExtentions.swift */; };
		E0F815E71C00CD7A00EFAEC7 /* NSDateExtensions.swift in Sources */ = {isa = PBXBuildFile; fileRef = E0F815CB1C00CD7A00EFAEC7 /* NSDateExtensions.swift */; };
		E0F815E81C00CD7A00EFAEC7 /* NSObjectExtentions.swift in Sources */ = {isa = PBXBuildFile; fileRef = E0F815CC1C00CD7A00EFAEC7 /* NSObjectExtentions.swift */; };
		E0F815E91C00CD7A00EFAEC7 /* StringExtensions.swift in Sources */ = {isa = PBXBuildFile; fileRef = E0F815CD1C00CD7A00EFAEC7 /* StringExtensions.swift */; };
		E0F815EA1C00CD7A00EFAEC7 /* UIButtonExtensions.swift in Sources */ = {isa = PBXBuildFile; fileRef = E0F815CE1C00CD7A00EFAEC7 /* UIButtonExtensions.swift */; };
		E0F815EB1C00CD7A00EFAEC7 /* UIColoredView.swift in Sources */ = {isa = PBXBuildFile; fileRef = E0F815CF1C00CD7A00EFAEC7 /* UIColoredView.swift */; };
		E0F815EC1C00CD7A00EFAEC7 /* UIColorExtensions.swift in Sources */ = {isa = PBXBuildFile; fileRef = E0F815D01C00CD7A00EFAEC7 /* UIColorExtensions.swift */; };
		E0F815ED1C00CD7A00EFAEC7 /* UIDeviceExtensions.swift in Sources */ = {isa = PBXBuildFile; fileRef = E0F815D11C00CD7A00EFAEC7 /* UIDeviceExtensions.swift */; };
		E0F815EE1C00CD7A00EFAEC7 /* UIFontExtensions.swift in Sources */ = {isa = PBXBuildFile; fileRef = E0F815D21C00CD7A00EFAEC7 /* UIFontExtensions.swift */; };
		E0F815EF1C00CD7A00EFAEC7 /* UIImageExtensions.swift in Sources */ = {isa = PBXBuildFile; fileRef = E0F815D31C00CD7A00EFAEC7 /* UIImageExtensions.swift */; };
		E0F815F01C00CD7A00EFAEC7 /* UIImageViewExtensions.swift in Sources */ = {isa = PBXBuildFile; fileRef = E0F815D41C00CD7A00EFAEC7 /* UIImageViewExtensions.swift */; };
		E0F815F11C00CD7A00EFAEC7 /* UILabelExtensions.swift in Sources */ = {isa = PBXBuildFile; fileRef = E0F815D51C00CD7A00EFAEC7 /* UILabelExtensions.swift */; };
		E0F815F21C00CD7A00EFAEC7 /* UITextViewExtensions.swift in Sources */ = {isa = PBXBuildFile; fileRef = E0F815D61C00CD7A00EFAEC7 /* UITextViewExtensions.swift */; };
		E0F815F31C00CD7A00EFAEC7 /* UIViewControllerExtensions.swift in Sources */ = {isa = PBXBuildFile; fileRef = E0F815D71C00CD7A00EFAEC7 /* UIViewControllerExtensions.swift */; };
		E0F815F41C00CD7A00EFAEC7 /* UIViewExtensions.swift in Sources */ = {isa = PBXBuildFile; fileRef = E0F815D81C00CD7A00EFAEC7 /* UIViewExtensions.swift */; };
		E0F816071C00D47E00EFAEC7 /* FileViewModel.swift in Sources */ = {isa = PBXBuildFile; fileRef = E0F816061C00D47E00EFAEC7 /* FileViewModel.swift */; };
/* End PBXBuildFile section */

/* Begin PBXContainerItemProxy section */
		E04F438F1BFD50D300AEAE40 /* PBXContainerItemProxy */ = {
			isa = PBXContainerItemProxy;
			containerPortal = E02D95EA1BFD4DB2004CCC78 /* Rx.xcodeproj */;
			proxyType = 2;
			remoteGlobalIDString = C8A56AD71AD7424700B4673B;
			remoteInfo = "RxSwift-iOS";
		};
		E04F43911BFD50D300AEAE40 /* PBXContainerItemProxy */ = {
			isa = PBXContainerItemProxy;
			containerPortal = E02D95EA1BFD4DB2004CCC78 /* Rx.xcodeproj */;
			proxyType = 2;
			remoteGlobalIDString = C88BB8711B07E5ED0064D411;
			remoteInfo = "RxSwift-OSX";
		};
		E04F43931BFD50D300AEAE40 /* PBXContainerItemProxy */ = {
			isa = PBXContainerItemProxy;
			containerPortal = E02D95EA1BFD4DB2004CCC78 /* Rx.xcodeproj */;
			proxyType = 2;
			remoteGlobalIDString = D2EA280C1BB9B5A200880ED3;
			remoteInfo = "RxSwift-tvOS";
		};
		E04F43951BFD50D300AEAE40 /* PBXContainerItemProxy */ = {
			isa = PBXContainerItemProxy;
			containerPortal = E02D95EA1BFD4DB2004CCC78 /* Rx.xcodeproj */;
			proxyType = 2;
			remoteGlobalIDString = C8F0C0021BBBFB8B001B112F;
			remoteInfo = "RxSwift-watchOS";
		};
		E04F43971BFD50D300AEAE40 /* PBXContainerItemProxy */ = {
			isa = PBXContainerItemProxy;
			containerPortal = E02D95EA1BFD4DB2004CCC78 /* Rx.xcodeproj */;
			proxyType = 2;
			remoteGlobalIDString = C809396D1B8A71760088E94D;
			remoteInfo = "RxCocoa-iOS";
		};
		E04F43991BFD50D300AEAE40 /* PBXContainerItemProxy */ = {
			isa = PBXContainerItemProxy;
			containerPortal = E02D95EA1BFD4DB2004CCC78 /* Rx.xcodeproj */;
			proxyType = 2;
			remoteGlobalIDString = C80939E71B8A71840088E94D;
			remoteInfo = "RxCocoa-OSX";
		};
		E04F439B1BFD50D300AEAE40 /* PBXContainerItemProxy */ = {
			isa = PBXContainerItemProxy;
			containerPortal = E02D95EA1BFD4DB2004CCC78 /* Rx.xcodeproj */;
			proxyType = 2;
			remoteGlobalIDString = D2138C751BB9BE9800339B5C;
			remoteInfo = "RxCocoa-tvOS";
		};
		E04F439D1BFD50D300AEAE40 /* PBXContainerItemProxy */ = {
			isa = PBXContainerItemProxy;
			containerPortal = E02D95EA1BFD4DB2004CCC78 /* Rx.xcodeproj */;
			proxyType = 2;
			remoteGlobalIDString = C8F0C04B1BBBFBB9001B112F;
			remoteInfo = "RxCocoa-watchOS";
		};
		E04F439F1BFD50D300AEAE40 /* PBXContainerItemProxy */ = {
			isa = PBXContainerItemProxy;
			containerPortal = E02D95EA1BFD4DB2004CCC78 /* Rx.xcodeproj */;
			proxyType = 2;
			remoteGlobalIDString = C8093BC71B8A71F00088E94D;
			remoteInfo = "RxBlocking-iOS";
		};
		E04F43A11BFD50D300AEAE40 /* PBXContainerItemProxy */ = {
			isa = PBXContainerItemProxy;
			containerPortal = E02D95EA1BFD4DB2004CCC78 /* Rx.xcodeproj */;
			proxyType = 2;
			remoteGlobalIDString = C8093C451B8A71FC0088E94D;
			remoteInfo = "RxBlocking-OSX";
		};
		E04F43A31BFD50D300AEAE40 /* PBXContainerItemProxy */ = {
			isa = PBXContainerItemProxy;
			containerPortal = E02D95EA1BFD4DB2004CCC78 /* Rx.xcodeproj */;
			proxyType = 2;
			remoteGlobalIDString = D2EBEB811BB9B99D003A27DC;
			remoteInfo = "RxBlocking-tvOS";
		};
		E04F43A51BFD50D300AEAE40 /* PBXContainerItemProxy */ = {
			isa = PBXContainerItemProxy;
			containerPortal = E02D95EA1BFD4DB2004CCC78 /* Rx.xcodeproj */;
			proxyType = 2;
			remoteGlobalIDString = C8F0C0581BBBFBCE001B112F;
			remoteInfo = "RxBlocking-watchOS";
		};
		E04F43A91BFD50D300AEAE40 /* PBXContainerItemProxy */ = {
			isa = PBXContainerItemProxy;
			containerPortal = E02D95EA1BFD4DB2004CCC78 /* Rx.xcodeproj */;
			proxyType = 1;
			remoteGlobalIDString = C8A56AD61AD7424700B4673B;
			remoteInfo = "RxSwift-iOS";
		};
		E04F43AF1BFD50F000AEAE40 /* PBXContainerItemProxy */ = {
			isa = PBXContainerItemProxy;
			containerPortal = E02D95EA1BFD4DB2004CCC78 /* Rx.xcodeproj */;
			proxyType = 1;
			remoteGlobalIDString = C80938F51B8A71760088E94D;
			remoteInfo = "RxCocoa-iOS";
		};
		E04F43B31BFD50F000AEAE40 /* PBXContainerItemProxy */ = {
			isa = PBXContainerItemProxy;
			containerPortal = E02D95EA1BFD4DB2004CCC78 /* Rx.xcodeproj */;
			proxyType = 1;
			remoteGlobalIDString = C8093B4B1B8A71F00088E94D;
			remoteInfo = "RxBlocking-iOS";
		};
		E0A775101BE68FB20021EE34 /* PBXContainerItemProxy */ = {
			isa = PBXContainerItemProxy;
			containerPortal = E0A775091BE68FB20021EE34 /* GitUpKit.xcodeproj */;
			proxyType = 2;
			remoteGlobalIDString = E267E1A81B84D6C500BAB377;
			remoteInfo = "GitUpKit (OSX)";
		};
		E0A775121BE68FB20021EE34 /* PBXContainerItemProxy */ = {
			isa = PBXContainerItemProxy;
			containerPortal = E0A775091BE68FB20021EE34 /* GitUpKit.xcodeproj */;
			proxyType = 2;
			remoteGlobalIDString = E217531B1B91613300BE234A;
			remoteInfo = "GitUpKit (iOS)";
		};
		E0A775141BE68FB20021EE34 /* PBXContainerItemProxy */ = {
			isa = PBXContainerItemProxy;
			containerPortal = E0A775091BE68FB20021EE34 /* GitUpKit.xcodeproj */;
			proxyType = 2;
			remoteGlobalIDString = E2C338C419F8562F00063D95;
			remoteInfo = Tests;
		};
		E0A7751F1BE691EF0021EE34 /* PBXContainerItemProxy */ = {
			isa = PBXContainerItemProxy;
			containerPortal = E0A775091BE68FB20021EE34 /* GitUpKit.xcodeproj */;
			proxyType = 1;
			remoteGlobalIDString = E217531A1B91613300BE234A;
			remoteInfo = "GitUpKit (iOS)";
		};
		E0DEAF671BE685840018EA8B /* PBXContainerItemProxy */ = {
			isa = PBXContainerItemProxy;
			containerPortal = E0DEAF4A1BE685840018EA8B /* Project object */;
			proxyType = 1;
			remoteGlobalIDString = E0DEAF511BE685840018EA8B;
			remoteInfo = Cypress;
		};
		E0DEAF721BE685840018EA8B /* PBXContainerItemProxy */ = {
			isa = PBXContainerItemProxy;
			containerPortal = E0DEAF4A1BE685840018EA8B /* Project object */;
			proxyType = 1;
			remoteGlobalIDString = E0DEAF511BE685840018EA8B;
			remoteInfo = Cypress;
		};
/* End PBXContainerItemProxy section */

/* Begin PBXCopyFilesBuildPhase section */
		E0A775211BE691EF0021EE34 /* Embed Frameworks */ = {
			isa = PBXCopyFilesBuildPhase;
			buildActionMask = 2147483647;
			dstPath = "";
			dstSubfolderSpec = 10;
			files = (
				E04F43AE1BFD50EF00AEAE40 /* RxCocoa.framework in Embed Frameworks */,
				E04F43A81BFD50D300AEAE40 /* RxSwift.framework in Embed Frameworks */,
				E0A7751E1BE691EF0021EE34 /* GitUpKit.framework in Embed Frameworks */,
				E04F43B21BFD50F000AEAE40 /* RxBlocking.framework in Embed Frameworks */,
			);
			name = "Embed Frameworks";
			runOnlyForDeploymentPostprocessing = 0;
		};
/* End PBXCopyFilesBuildPhase section */

/* Begin PBXFileReference section */
		E00FE2781BF014CC00BBC45A /* CypressTabBarViewController.swift */ = {isa = PBXFileReference; fileEncoding = 4; lastKnownFileType = sourcecode.swift; path = CypressTabBarViewController.swift; sourceTree = "<group>"; };
		E00FE27A1BF0223400BBC45A /* AppState.swift */ = {isa = PBXFileReference; fileEncoding = 4; lastKnownFileType = sourcecode.swift; path = AppState.swift; sourceTree = "<group>"; };
		E02D95EA1BFD4DB2004CCC78 /* Rx.xcodeproj */ = {isa = PBXFileReference; lastKnownFileType = "wrapper.pb-project"; name = Rx.xcodeproj; path = RxSwift/Rx.xcodeproj; sourceTree = "<group>"; };
		E0363E5F1BEDA1F800C8584F /* FileContentsViewController.swift */ = {isa = PBXFileReference; fileEncoding = 4; lastKnownFileType = sourcecode.swift; path = FileContentsViewController.swift; sourceTree = "<group>"; };
		E0363E641BEE5BBB00C8584F /* FileBrowserNavigationController.swift */ = {isa = PBXFileReference; fileEncoding = 4; lastKnownFileType = sourcecode.swift; path = FileBrowserNavigationController.swift; sourceTree = "<group>"; };
		E04F43B51BFD516900AEAE40 /* cypressPlayground.playground */ = {isa = PBXFileReference; lastKnownFileType = file.playground; path = cypressPlayground.playground; sourceTree = "<group>"; };
		E053FC4B1BFBADAE00B09411 /* RepositoryManager.swift */ = {isa = PBXFileReference; fileEncoding = 4; lastKnownFileType = sourcecode.swift; path = RepositoryManager.swift; sourceTree = "<group>"; };
		E06EB6B11BF7D5500035D2E6 /* FileContentsConfigViewController.swift */ = {isa = PBXFileReference; fileEncoding = 4; lastKnownFileType = sourcecode.swift; path = FileContentsConfigViewController.swift; sourceTree = "<group>"; };
		E06EB6B51BF7D6F70035D2E6 /* SwitchTableViewCell.swift */ = {isa = PBXFileReference; fileEncoding = 4; lastKnownFileType = sourcecode.swift; path = SwitchTableViewCell.swift; sourceTree = "<group>"; };
		E06EB6B61BF7D6F70035D2E6 /* SwitchTableViewCell.xib */ = {isa = PBXFileReference; fileEncoding = 4; lastKnownFileType = file.xib; path = SwitchTableViewCell.xib; sourceTree = "<group>"; };
		E06EB6BC1BF7DBA30035D2E6 /* FileContentsViewSettings.swift */ = {isa = PBXFileReference; fileEncoding = 4; lastKnownFileType = sourcecode.swift; name = FileContentsViewSettings.swift; path = "../../File browser/Data/FileContentsViewSettings.swift"; sourceTree = "<group>"; };
		E06EB6C01BF7E3990035D2E6 /* CypressNavigationController.swift */ = {isa = PBXFileReference; fileEncoding = 4; lastKnownFileType = sourcecode.swift; path = CypressNavigationController.swift; sourceTree = "<group>"; };
		E06EB6C21BF7EEF20035D2E6 /* OpenFile.swift */ = {isa = PBXFileReference; fileEncoding = 4; lastKnownFileType = sourcecode.swift; name = OpenFile.swift; path = "../../File browser/Data/OpenFile.swift"; sourceTree = "<group>"; };
		E0954D1A1BED713F00649A5E /* RepositoryTableViewController.swift */ = {isa = PBXFileReference; fileEncoding = 4; lastKnownFileType = sourcecode.swift; path = RepositoryTableViewController.swift; sourceTree = "<group>"; };
		E0954D221BED74D200649A5E /* CypressFunctions.swift */ = {isa = PBXFileReference; fileEncoding = 4; lastKnownFileType = sourcecode.swift; path = CypressFunctions.swift; sourceTree = "<group>"; };
		E0A775091BE68FB20021EE34 /* GitUpKit.xcodeproj */ = {isa = PBXFileReference; lastKnownFileType = "wrapper.pb-project"; name = GitUpKit.xcodeproj; path = GitUp/GitUpKit/GitUpKit.xcodeproj; sourceTree = "<group>"; };
		E0AAF3A11BFD863A00320EA2 /* RepositoryViewModel.swift */ = {isa = PBXFileReference; fileEncoding = 4; lastKnownFileType = sourcecode.swift; path = RepositoryViewModel.swift; sourceTree = "<group>"; };
		E0C713141BEEC8CD008595B9 /* RepositoryTableViewCell.swift */ = {isa = PBXFileReference; fileEncoding = 4; lastKnownFileType = sourcecode.swift; path = RepositoryTableViewCell.swift; sourceTree = "<group>"; };
		E0C713151BEEC8CD008595B9 /* RepositoryTableViewCell.xib */ = {isa = PBXFileReference; fileEncoding = 4; lastKnownFileType = file.xib; path = RepositoryTableViewCell.xib; sourceTree = "<group>"; };
		E0D2078B1BF85A3A000B54D1 /* DirectoryContents.swift */ = {isa = PBXFileReference; fileEncoding = 4; lastKnownFileType = sourcecode.swift; name = DirectoryContents.swift; path = "../../File detail/Data/DirectoryContents.swift"; sourceTree = "<group>"; };
		E0DCEDC91BFD9490000F7164 /* RepositoryCloningDelegate.swift */ = {isa = PBXFileReference; fileEncoding = 4; lastKnownFileType = sourcecode.swift; path = RepositoryCloningDelegate.swift; sourceTree = "<group>"; };
		E0DCEDE21BFE43D1000F7164 /* Changeset.swift */ = {isa = PBXFileReference; fileEncoding = 4; lastKnownFileType = sourcecode.swift; path = Changeset.swift; sourceTree = "<group>"; };
		E0DCEDE41BFE43D1000F7164 /* RxCollectionViewSectionedAnimatedDataSource.swift */ = {isa = PBXFileReference; fileEncoding = 4; lastKnownFileType = sourcecode.swift; path = RxCollectionViewSectionedAnimatedDataSource.swift; sourceTree = "<group>"; };
		E0DCEDE51BFE43D1000F7164 /* RxCollectionViewSectionedDataSource.swift */ = {isa = PBXFileReference; fileEncoding = 4; lastKnownFileType = sourcecode.swift; path = RxCollectionViewSectionedDataSource.swift; sourceTree = "<group>"; };
		E0DCEDE61BFE43D1000F7164 /* RxCollectionViewSectionedReloadDataSource.swift */ = {isa = PBXFileReference; fileEncoding = 4; lastKnownFileType = sourcecode.swift; path = RxCollectionViewSectionedReloadDataSource.swift; sourceTree = "<group>"; };
		E0DCEDE71BFE43D1000F7164 /* RxTableViewSectionedAnimatedDataSource.swift */ = {isa = PBXFileReference; fileEncoding = 4; lastKnownFileType = sourcecode.swift; path = RxTableViewSectionedAnimatedDataSource.swift; sourceTree = "<group>"; };
		E0DCEDE81BFE43D1000F7164 /* RxTableViewSectionedDataSource.swift */ = {isa = PBXFileReference; fileEncoding = 4; lastKnownFileType = sourcecode.swift; path = RxTableViewSectionedDataSource.swift; sourceTree = "<group>"; };
		E0DCEDE91BFE43D1000F7164 /* RxTableViewSectionedReloadDataSource.swift */ = {isa = PBXFileReference; fileEncoding = 4; lastKnownFileType = sourcecode.swift; path = RxTableViewSectionedReloadDataSource.swift; sourceTree = "<group>"; };
		E0DCEDEA1BFE43D1000F7164 /* Differentiator.swift */ = {isa = PBXFileReference; fileEncoding = 4; lastKnownFileType = sourcecode.swift; path = Differentiator.swift; sourceTree = "<group>"; };
		E0DCEDEB1BFE43D1000F7164 /* ObservableConvertibleType+Differentiator.swift */ = {isa = PBXFileReference; fileEncoding = 4; lastKnownFileType = sourcecode.swift; path = "ObservableConvertibleType+Differentiator.swift"; sourceTree = "<group>"; };
		E0DCEDEC1BFE43D1000F7164 /* README.md */ = {isa = PBXFileReference; fileEncoding = 4; lastKnownFileType = net.daringfireball.markdown; path = README.md; sourceTree = "<group>"; };
		E0DCEDED1BFE43D1000F7164 /* RxDataSourceStarterKit.swift */ = {isa = PBXFileReference; fileEncoding = 4; lastKnownFileType = sourcecode.swift; path = RxDataSourceStarterKit.swift; sourceTree = "<group>"; };
		E0DCEDEE1BFE43D1000F7164 /* SectionedViewType.swift */ = {isa = PBXFileReference; fileEncoding = 4; lastKnownFileType = sourcecode.swift; path = SectionedViewType.swift; sourceTree = "<group>"; };
		E0DCEDEF1BFE43D1000F7164 /* SectionModel.swift */ = {isa = PBXFileReference; fileEncoding = 4; lastKnownFileType = sourcecode.swift; path = SectionModel.swift; sourceTree = "<group>"; };
		E0DCEDF01BFE43D1000F7164 /* SectionModelType.swift */ = {isa = PBXFileReference; fileEncoding = 4; lastKnownFileType = sourcecode.swift; path = SectionModelType.swift; sourceTree = "<group>"; };
		E0DCEDF11BFE43D1000F7164 /* UISectionedViewType+RxAnimatedDataSource.swift */ = {isa = PBXFileReference; fileEncoding = 4; lastKnownFileType = sourcecode.swift; path = "UISectionedViewType+RxAnimatedDataSource.swift"; sourceTree = "<group>"; };
		E0DEAF521BE685840018EA8B /* Cypress.app */ = {isa = PBXFileReference; explicitFileType = wrapper.application; includeInIndex = 0; path = Cypress.app; sourceTree = BUILT_PRODUCTS_DIR; };
		E0DEAF551BE685840018EA8B /* AppDelegate.swift */ = {isa = PBXFileReference; lastKnownFileType = sourcecode.swift; path = AppDelegate.swift; sourceTree = "<group>"; };
		E0DEAF5A1BE685840018EA8B /* Base */ = {isa = PBXFileReference; lastKnownFileType = file.storyboard; name = Base; path = Base.lproj/Main.storyboard; sourceTree = "<group>"; };
		E0DEAF5C1BE685840018EA8B /* Assets.xcassets */ = {isa = PBXFileReference; lastKnownFileType = folder.assetcatalog; path = Assets.xcassets; sourceTree = "<group>"; };
		E0DEAF5F1BE685840018EA8B /* Base */ = {isa = PBXFileReference; lastKnownFileType = file.storyboard; name = Base; path = Base.lproj/LaunchScreen.storyboard; sourceTree = "<group>"; };
		E0DEAF611BE685840018EA8B /* Info.plist */ = {isa = PBXFileReference; lastKnownFileType = text.plist.xml; path = Info.plist; sourceTree = "<group>"; };
		E0DEAF661BE685840018EA8B /* CypressTests.xctest */ = {isa = PBXFileReference; explicitFileType = wrapper.cfbundle; includeInIndex = 0; path = CypressTests.xctest; sourceTree = BUILT_PRODUCTS_DIR; };
		E0DEAF6A1BE685840018EA8B /* CypressTests.swift */ = {isa = PBXFileReference; lastKnownFileType = sourcecode.swift; path = CypressTests.swift; sourceTree = "<group>"; };
		E0DEAF6C1BE685840018EA8B /* Info.plist */ = {isa = PBXFileReference; lastKnownFileType = text.plist.xml; path = Info.plist; sourceTree = "<group>"; };
		E0DEAF711BE685840018EA8B /* CypressUITests.xctest */ = {isa = PBXFileReference; explicitFileType = wrapper.cfbundle; includeInIndex = 0; path = CypressUITests.xctest; sourceTree = BUILT_PRODUCTS_DIR; };
		E0DEAF751BE685840018EA8B /* CypressUITests.swift */ = {isa = PBXFileReference; lastKnownFileType = sourcecode.swift; path = CypressUITests.swift; sourceTree = "<group>"; };
		E0DEAF771BE685840018EA8B /* Info.plist */ = {isa = PBXFileReference; lastKnownFileType = text.plist.xml; path = Info.plist; sourceTree = "<group>"; };
		E0E5D8261BEFAD220010A976 /* FileBrowserTableViewController.swift */ = {isa = PBXFileReference; fileEncoding = 4; lastKnownFileType = sourcecode.swift; path = FileBrowserTableViewController.swift; sourceTree = "<group>"; };
		E0E5D82A1BEFE76F0010A976 /* NavigationHistoryTableViewController.swift */ = {isa = PBXFileReference; fileEncoding = 4; lastKnownFileType = sourcecode.swift; path = NavigationHistoryTableViewController.swift; sourceTree = "<group>"; };
		E0F815BD1C00CD7A00EFAEC7 /* ArrayExtensions.swift */ = {isa = PBXFileReference; fileEncoding = 4; lastKnownFileType = sourcecode.swift; path = ArrayExtensions.swift; sourceTree = "<group>"; };
		E0F815BE1C00CD7A00EFAEC7 /* BlockButton.swift */ = {isa = PBXFileReference; fileEncoding = 4; lastKnownFileType = sourcecode.swift; path = BlockButton.swift; sourceTree = "<group>"; };
		E0F815BF1C00CD7A00EFAEC7 /* BlockLongPress.swift */ = {isa = PBXFileReference; fileEncoding = 4; lastKnownFileType = sourcecode.swift; path = BlockLongPress.swift; sourceTree = "<group>"; };
		E0F815C01C00CD7A00EFAEC7 /* BlockPan.swift */ = {isa = PBXFileReference; fileEncoding = 4; lastKnownFileType = sourcecode.swift; path = BlockPan.swift; sourceTree = "<group>"; };
		E0F815C11C00CD7A00EFAEC7 /* BlockPinch.swift */ = {isa = PBXFileReference; fileEncoding = 4; lastKnownFileType = sourcecode.swift; path = BlockPinch.swift; sourceTree = "<group>"; };
		E0F815C21C00CD7A00EFAEC7 /* BlockSwipe.swift */ = {isa = PBXFileReference; fileEncoding = 4; lastKnownFileType = sourcecode.swift; path = BlockSwipe.swift; sourceTree = "<group>"; };
		E0F815C31C00CD7A00EFAEC7 /* BlockTap.swift */ = {isa = PBXFileReference; fileEncoding = 4; lastKnownFileType = sourcecode.swift; path = BlockTap.swift; sourceTree = "<group>"; };
		E0F815C41C00CD7A00EFAEC7 /* BlockWebView.swift */ = {isa = PBXFileReference; fileEncoding = 4; lastKnownFileType = sourcecode.swift; path = BlockWebView.swift; sourceTree = "<group>"; };
		E0F815C51C00CD7A00EFAEC7 /* BoolExtentions.swift */ = {isa = PBXFileReference; fileEncoding = 4; lastKnownFileType = sourcecode.swift; path = BoolExtentions.swift; sourceTree = "<group>"; };
		E0F815C61C00CD7A00EFAEC7 /* CGFloatExtensions.swift */ = {isa = PBXFileReference; fileEncoding = 4; lastKnownFileType = sourcecode.swift; path = CGFloatExtensions.swift; sourceTree = "<group>"; };
		E0F815C71C00CD7A00EFAEC7 /* CGRectExtensions.swift */ = {isa = PBXFileReference; fileEncoding = 4; lastKnownFileType = sourcecode.swift; path = CGRectExtensions.swift; sourceTree = "<group>"; };
		E0F815C81C00CD7A00EFAEC7 /* DictionaryExtensions.swift */ = {isa = PBXFileReference; fileEncoding = 4; lastKnownFileType = sourcecode.swift; path = DictionaryExtensions.swift; sourceTree = "<group>"; };
		E0F815C91C00CD7A00EFAEC7 /* EZSwiftExtensions.swift */ = {isa = PBXFileReference; fileEncoding = 4; lastKnownFileType = sourcecode.swift; path = EZSwiftExtensions.swift; sourceTree = "<group>"; };
		E0F815CA1C00CD7A00EFAEC7 /* IntExtentions.swift */ = {isa = PBXFileReference; fileEncoding = 4; lastKnownFileType = sourcecode.swift; path = IntExtentions.swift; sourceTree = "<group>"; };
		E0F815CB1C00CD7A00EFAEC7 /* NSDateExtensions.swift */ = {isa = PBXFileReference; fileEncoding = 4; lastKnownFileType = sourcecode.swift; path = NSDateExtensions.swift; sourceTree = "<group>"; };
		E0F815CC1C00CD7A00EFAEC7 /* NSObjectExtentions.swift */ = {isa = PBXFileReference; fileEncoding = 4; lastKnownFileType = sourcecode.swift; path = NSObjectExtentions.swift; sourceTree = "<group>"; };
		E0F815CD1C00CD7A00EFAEC7 /* StringExtensions.swift */ = {isa = PBXFileReference; fileEncoding = 4; lastKnownFileType = sourcecode.swift; path = StringExtensions.swift; sourceTree = "<group>"; };
		E0F815CE1C00CD7A00EFAEC7 /* UIButtonExtensions.swift */ = {isa = PBXFileReference; fileEncoding = 4; lastKnownFileType = sourcecode.swift; path = UIButtonExtensions.swift; sourceTree = "<group>"; };
		E0F815CF1C00CD7A00EFAEC7 /* UIColoredView.swift */ = {isa = PBXFileReference; fileEncoding = 4; lastKnownFileType = sourcecode.swift; path = UIColoredView.swift; sourceTree = "<group>"; };
		E0F815D01C00CD7A00EFAEC7 /* UIColorExtensions.swift */ = {isa = PBXFileReference; fileEncoding = 4; lastKnownFileType = sourcecode.swift; path = UIColorExtensions.swift; sourceTree = "<group>"; };
		E0F815D11C00CD7A00EFAEC7 /* UIDeviceExtensions.swift */ = {isa = PBXFileReference; fileEncoding = 4; lastKnownFileType = sourcecode.swift; path = UIDeviceExtensions.swift; sourceTree = "<group>"; };
		E0F815D21C00CD7A00EFAEC7 /* UIFontExtensions.swift */ = {isa = PBXFileReference; fileEncoding = 4; lastKnownFileType = sourcecode.swift; path = UIFontExtensions.swift; sourceTree = "<group>"; };
		E0F815D31C00CD7A00EFAEC7 /* UIImageExtensions.swift */ = {isa = PBXFileReference; fileEncoding = 4; lastKnownFileType = sourcecode.swift; path = UIImageExtensions.swift; sourceTree = "<group>"; };
		E0F815D41C00CD7A00EFAEC7 /* UIImageViewExtensions.swift */ = {isa = PBXFileReference; fileEncoding = 4; lastKnownFileType = sourcecode.swift; path = UIImageViewExtensions.swift; sourceTree = "<group>"; };
		E0F815D51C00CD7A00EFAEC7 /* UILabelExtensions.swift */ = {isa = PBXFileReference; fileEncoding = 4; lastKnownFileType = sourcecode.swift; path = UILabelExtensions.swift; sourceTree = "<group>"; };
		E0F815D61C00CD7A00EFAEC7 /* UITextViewExtensions.swift */ = {isa = PBXFileReference; fileEncoding = 4; lastKnownFileType = sourcecode.swift; path = UITextViewExtensions.swift; sourceTree = "<group>"; };
		E0F815D71C00CD7A00EFAEC7 /* UIViewControllerExtensions.swift */ = {isa = PBXFileReference; fileEncoding = 4; lastKnownFileType = sourcecode.swift; path = UIViewControllerExtensions.swift; sourceTree = "<group>"; };
		E0F815D81C00CD7A00EFAEC7 /* UIViewExtensions.swift */ = {isa = PBXFileReference; fileEncoding = 4; lastKnownFileType = sourcecode.swift; path = UIViewExtensions.swift; sourceTree = "<group>"; };
		E0F816061C00D47E00EFAEC7 /* FileViewModel.swift */ = {isa = PBXFileReference; fileEncoding = 4; lastKnownFileType = sourcecode.swift; path = FileViewModel.swift; sourceTree = "<group>"; };
/* End PBXFileReference section */

/* Begin PBXFrameworksBuildPhase section */
		E0DEAF4F1BE685840018EA8B /* Frameworks */ = {
			isa = PBXFrameworksBuildPhase;
			buildActionMask = 2147483647;
			files = (
				E04F43AD1BFD50EF00AEAE40 /* RxCocoa.framework in Frameworks */,
				E04F43A71BFD50D300AEAE40 /* RxSwift.framework in Frameworks */,
				E0A7751D1BE691EF0021EE34 /* GitUpKit.framework in Frameworks */,
				E04F43B11BFD50F000AEAE40 /* RxBlocking.framework in Frameworks */,
			);
			runOnlyForDeploymentPostprocessing = 0;
		};
		E0DEAF631BE685840018EA8B /* Frameworks */ = {
			isa = PBXFrameworksBuildPhase;
			buildActionMask = 2147483647;
			files = (
			);
			runOnlyForDeploymentPostprocessing = 0;
		};
		E0DEAF6E1BE685840018EA8B /* Frameworks */ = {
			isa = PBXFrameworksBuildPhase;
			buildActionMask = 2147483647;
			files = (
			);
			runOnlyForDeploymentPostprocessing = 0;
		};
/* End PBXFrameworksBuildPhase section */

/* Begin PBXGroup section */
		E020529D1BF7C997003BD3A0 /* Files tab */ = {
			isa = PBXGroup;
			children = (
				E0A920D81BF954E1009C0552 /* File browser */,
				E0A920D91BF954E7009C0552 /* File detail */,
			);
			path = "Files tab";
			sourceTree = "<group>";
		};
		E04F43811BFD50B500AEAE40 /* Products */ = {
			isa = PBXGroup;
			children = (
				E04F43901BFD50D300AEAE40 /* RxSwift.framework */,
				E04F43921BFD50D300AEAE40 /* RxSwift.framework */,
				E04F43941BFD50D300AEAE40 /* RxSwift.framework */,
				E04F43961BFD50D300AEAE40 /* RxSwift.framework */,
				E04F43981BFD50D300AEAE40 /* RxCocoa.framework */,
				E04F439A1BFD50D300AEAE40 /* RxCocoa.framework */,
				E04F439C1BFD50D300AEAE40 /* RxCocoa.framework */,
				E04F439E1BFD50D300AEAE40 /* RxCocoa.framework */,
				E04F43A01BFD50D300AEAE40 /* RxBlocking.framework */,
				E04F43A21BFD50D300AEAE40 /* RxBlocking.framework */,
				E04F43A41BFD50D300AEAE40 /* RxBlocking.framework */,
				E04F43A61BFD50D300AEAE40 /* RxBlocking.framework */,
			);
			name = Products;
			sourceTree = "<group>";
		};
		E06EB6B91BF7D7000035D2E6 /* Progress cell */ = {
			isa = PBXGroup;
			children = (
				E0C713141BEEC8CD008595B9 /* RepositoryTableViewCell.swift */,
				E0C713151BEEC8CD008595B9 /* RepositoryTableViewCell.xib */,
			);
			name = "Progress cell";
			path = "../View/Progress cell";
			sourceTree = "<group>";
		};
		E06EB6BB1BF7D7110035D2E6 /* Switch cell */ = {
			isa = PBXGroup;
			children = (
				E06EB6B51BF7D6F70035D2E6 /* SwitchTableViewCell.swift */,
				E06EB6B61BF7D6F70035D2E6 /* SwitchTableViewCell.xib */,
			);
			path = "Switch cell";
			sourceTree = "<group>";
		};
		E0954D251BED8A2E00649A5E /* App */ = {
			isa = PBXGroup;
			children = (
				E0DEAF551BE685840018EA8B /* AppDelegate.swift */,
				E00FE27A1BF0223400BBC45A /* AppState.swift */,
				E0954D221BED74D200649A5E /* CypressFunctions.swift */,
				E06EB6C01BF7E3990035D2E6 /* CypressNavigationController.swift */,
				E00FE2781BF014CC00BBC45A /* CypressTabBarViewController.swift */,
			);
			path = App;
			sourceTree = "<group>";
		};
		E0A7750A1BE68FB20021EE34 /* Products */ = {
			isa = PBXGroup;
			children = (
				E0A775111BE68FB20021EE34 /* GitUpKit.framework */,
				E0A775131BE68FB20021EE34 /* GitUpKit.framework */,
				E0A775151BE68FB20021EE34 /* GitUpTests.xctest */,
			);
			name = Products;
			sourceTree = "<group>";
		};
		E0A920D81BF954E1009C0552 /* File browser */ = {
			isa = PBXGroup;
			children = (
				E0A920DB1BF954FB009C0552 /* View */,
				E0F815FA1C00D46B00EFAEC7 /* ViewModel */,
				E0D2078F1BF86165000B54D1 /* Model */,
			);
			path = "File browser";
			sourceTree = "<group>";
		};
		E0A920D91BF954E7009C0552 /* File detail */ = {
			isa = PBXGroup;
			children = (
				E0A920DA1BF954F8009C0552 /* Controller */,
				E0A920DC1BF95501009C0552 /* Data */,
			);
			path = "File detail";
			sourceTree = "<group>";
		};
		E0A920DA1BF954F8009C0552 /* Controller */ = {
			isa = PBXGroup;
			children = (
				E0363E5F1BEDA1F800C8584F /* FileContentsViewController.swift */,
				E06EB6B11BF7D5500035D2E6 /* FileContentsConfigViewController.swift */,
			);
			path = Controller;
			sourceTree = "<group>";
		};
		E0A920DB1BF954FB009C0552 /* View */ = {
			isa = PBXGroup;
			children = (
				E0363E641BEE5BBB00C8584F /* FileBrowserNavigationController.swift */,
				E0E5D8261BEFAD220010A976 /* FileBrowserTableViewController.swift */,
				E0E5D82A1BEFE76F0010A976 /* NavigationHistoryTableViewController.swift */,
			);
			name = View;
			path = Controller;
			sourceTree = "<group>";
		};
		E0A920DC1BF95501009C0552 /* Data */ = {
			isa = PBXGroup;
			children = (
				E06EB6C21BF7EEF20035D2E6 /* OpenFile.swift */,
				E06EB6BC1BF7DBA30035D2E6 /* FileContentsViewSettings.swift */,
			);
			path = Data;
			sourceTree = "<group>";
		};
		E0A920DD1BF9581D009C0552 /* View */ = {
			isa = PBXGroup;
			children = (
				E0954D1A1BED713F00649A5E /* RepositoryTableViewController.swift */,
				E06EB6B91BF7D7000035D2E6 /* Progress cell */,
			);
			name = View;
			path = Controller;
			sourceTree = "<group>";
		};
		E0D2078F1BF86165000B54D1 /* Model */ = {
			isa = PBXGroup;
			children = (
				E0D2078B1BF85A3A000B54D1 /* DirectoryContents.swift */,
			);
			name = Model;
			path = Data;
			sourceTree = "<group>";
		};
		E0D207911BF861C9000B54D1 /* Repository list */ = {
			isa = PBXGroup;
			children = (
				E0A920DD1BF9581D009C0552 /* View */,
				E0D207921BF861FA000B54D1 /* ViewModel */,
				E0D207931BF861FC000B54D1 /* Model */,
			);
			path = "Repository list";
			sourceTree = "<group>";
		};
		E0D207921BF861FA000B54D1 /* ViewModel */ = {
			isa = PBXGroup;
			children = (
				E0AAF3A11BFD863A00320EA2 /* RepositoryViewModel.swift */,
			);
			name = ViewModel;
			path = View;
			sourceTree = "<group>";
		};
		E0D207931BF861FC000B54D1 /* Model */ = {
			isa = PBXGroup;
			children = (
				E053FC4B1BFBADAE00B09411 /* RepositoryManager.swift */,
				E0DCEDC91BFD9490000F7164 /* RepositoryCloningDelegate.swift */,
			);
			name = Model;
			path = Data;
			sourceTree = "<group>";
		};
		E0DCEDE11BFE43D1000F7164 /* RxDataSourceStarterKit */ = {
			isa = PBXGroup;
			children = (
				E0DCEDE21BFE43D1000F7164 /* Changeset.swift */,
				E0DCEDE31BFE43D1000F7164 /* DataSources */,
				E0DCEDEA1BFE43D1000F7164 /* Differentiator.swift */,
				E0DCEDEB1BFE43D1000F7164 /* ObservableConvertibleType+Differentiator.swift */,
				E0DCEDEC1BFE43D1000F7164 /* README.md */,
				E0DCEDED1BFE43D1000F7164 /* RxDataSourceStarterKit.swift */,
				E0DCEDEE1BFE43D1000F7164 /* SectionedViewType.swift */,
				E0DCEDEF1BFE43D1000F7164 /* SectionModel.swift */,
				E0DCEDF01BFE43D1000F7164 /* SectionModelType.swift */,
				E0DCEDF11BFE43D1000F7164 /* UISectionedViewType+RxAnimatedDataSource.swift */,
			);
			path = RxDataSourceStarterKit;
			sourceTree = "<group>";
		};
		E0DCEDE31BFE43D1000F7164 /* DataSources */ = {
			isa = PBXGroup;
			children = (
				E0DCEDE41BFE43D1000F7164 /* RxCollectionViewSectionedAnimatedDataSource.swift */,
				E0DCEDE51BFE43D1000F7164 /* RxCollectionViewSectionedDataSource.swift */,
				E0DCEDE61BFE43D1000F7164 /* RxCollectionViewSectionedReloadDataSource.swift */,
				E0DCEDE71BFE43D1000F7164 /* RxTableViewSectionedAnimatedDataSource.swift */,
				E0DCEDE81BFE43D1000F7164 /* RxTableViewSectionedDataSource.swift */,
				E0DCEDE91BFE43D1000F7164 /* RxTableViewSectionedReloadDataSource.swift */,
			);
			path = DataSources;
			sourceTree = "<group>";
		};
		E0DEAF491BE685840018EA8B = {
			isa = PBXGroup;
			children = (
				E04F43B51BFD516900AEAE40 /* cypressPlayground.playground */,
				E0DEAF541BE685840018EA8B /* Cypress */,
				E0DEAF691BE685840018EA8B /* CypressTests */,
				E0DEAF741BE685840018EA8B /* CypressUITests */,
				E0DEAF531BE685840018EA8B /* Products */,
				E02D95EA1BFD4DB2004CCC78 /* Rx.xcodeproj */,
				E0A775091BE68FB20021EE34 /* GitUpKit.xcodeproj */,
			);
			sourceTree = "<group>";
		};
		E0DEAF531BE685840018EA8B /* Products */ = {
			isa = PBXGroup;
			children = (
				E0DEAF521BE685840018EA8B /* Cypress.app */,
				E0DEAF661BE685840018EA8B /* CypressTests.xctest */,
				E0DEAF711BE685840018EA8B /* CypressUITests.xctest */,
			);
			name = Products;
			sourceTree = "<group>";
		};
		E0DEAF541BE685840018EA8B /* Cypress */ = {
			isa = PBXGroup;
			children = (
				E0F815B11C00CD6F00EFAEC7 /* EZSwiftExtensions */,
				E0954D251BED8A2E00649A5E /* App */,
				E0D207911BF861C9000B54D1 /* Repository list */,
				E020529D1BF7C997003BD3A0 /* Files tab */,
				E06EB6BB1BF7D7110035D2E6 /* Switch cell */,
				E0DEAF5C1BE685840018EA8B /* Assets.xcassets */,
				E0DCEDE11BFE43D1000F7164 /* RxDataSourceStarterKit */,
				E0DEAF611BE685840018EA8B /* Info.plist */,
				E0DEAF5E1BE685840018EA8B /* LaunchScreen.storyboard */,
				E0DEAF591BE685840018EA8B /* Main.storyboard */,
			);
			path = Cypress;
			sourceTree = "<group>";
		};
		E0DEAF691BE685840018EA8B /* CypressTests */ = {
			isa = PBXGroup;
			children = (
				E0DEAF6A1BE685840018EA8B /* CypressTests.swift */,
				E0DEAF6C1BE685840018EA8B /* Info.plist */,
			);
			path = CypressTests;
			sourceTree = "<group>";
		};
		E0DEAF741BE685840018EA8B /* CypressUITests */ = {
			isa = PBXGroup;
			children = (
				E0DEAF751BE685840018EA8B /* CypressUITests.swift */,
				E0DEAF771BE685840018EA8B /* Info.plist */,
			);
			path = CypressUITests;
			sourceTree = "<group>";
		};
		E0F815B11C00CD6F00EFAEC7 /* EZSwiftExtensions */ = {
			isa = PBXGroup;
			children = (
				E0F815BD1C00CD7A00EFAEC7 /* ArrayExtensions.swift */,
				E0F815BE1C00CD7A00EFAEC7 /* BlockButton.swift */,
				E0F815BF1C00CD7A00EFAEC7 /* BlockLongPress.swift */,
				E0F815C01C00CD7A00EFAEC7 /* BlockPan.swift */,
				E0F815C11C00CD7A00EFAEC7 /* BlockPinch.swift */,
				E0F815C21C00CD7A00EFAEC7 /* BlockSwipe.swift */,
				E0F815C31C00CD7A00EFAEC7 /* BlockTap.swift */,
				E0F815C41C00CD7A00EFAEC7 /* BlockWebView.swift */,
				E0F815C51C00CD7A00EFAEC7 /* BoolExtentions.swift */,
				E0F815C61C00CD7A00EFAEC7 /* CGFloatExtensions.swift */,
				E0F815C71C00CD7A00EFAEC7 /* CGRectExtensions.swift */,
				E0F815C81C00CD7A00EFAEC7 /* DictionaryExtensions.swift */,
				E0F815C91C00CD7A00EFAEC7 /* EZSwiftExtensions.swift */,
				E0F815CA1C00CD7A00EFAEC7 /* IntExtentions.swift */,
				E0F815CB1C00CD7A00EFAEC7 /* NSDateExtensions.swift */,
				E0F815CC1C00CD7A00EFAEC7 /* NSObjectExtentions.swift */,
				E0F815CD1C00CD7A00EFAEC7 /* StringExtensions.swift */,
				E0F815CE1C00CD7A00EFAEC7 /* UIButtonExtensions.swift */,
				E0F815CF1C00CD7A00EFAEC7 /* UIColoredView.swift */,
				E0F815D01C00CD7A00EFAEC7 /* UIColorExtensions.swift */,
				E0F815D11C00CD7A00EFAEC7 /* UIDeviceExtensions.swift */,
				E0F815D21C00CD7A00EFAEC7 /* UIFontExtensions.swift */,
				E0F815D31C00CD7A00EFAEC7 /* UIImageExtensions.swift */,
				E0F815D41C00CD7A00EFAEC7 /* UIImageViewExtensions.swift */,
				E0F815D51C00CD7A00EFAEC7 /* UILabelExtensions.swift */,
				E0F815D61C00CD7A00EFAEC7 /* UITextViewExtensions.swift */,
				E0F815D71C00CD7A00EFAEC7 /* UIViewControllerExtensions.swift */,
				E0F815D81C00CD7A00EFAEC7 /* UIViewExtensions.swift */,
			);
			name = EZSwiftExtensions;
			sourceTree = "<group>";
		};
		E0F815FA1C00D46B00EFAEC7 /* ViewModel */ = {
			isa = PBXGroup;
			children = (
				E0F816061C00D47E00EFAEC7 /* FileViewModel.swift */,
			);
			name = ViewModel;
			sourceTree = "<group>";
		};
/* End PBXGroup section */

/* Begin PBXNativeTarget section */
		E0DEAF511BE685840018EA8B /* Cypress */ = {
			isa = PBXNativeTarget;
			buildConfigurationList = E0DEAF7A1BE685840018EA8B /* Build configuration list for PBXNativeTarget "Cypress" */;
			buildPhases = (
				E0DEAF4E1BE685840018EA8B /* Sources */,
				E0DEAF4F1BE685840018EA8B /* Frameworks */,
				E0F815F51C00D31B00EFAEC7 /* ShellScript */,
				E0DEAF501BE685840018EA8B /* Resources */,
				E0A775211BE691EF0021EE34 /* Embed Frameworks */,
			);
			buildRules = (
			);
			dependencies = (
				E0A775201BE691EF0021EE34 /* PBXTargetDependency */,
				E04F43AA1BFD50D300AEAE40 /* PBXTargetDependency */,
				E04F43B01BFD50F000AEAE40 /* PBXTargetDependency */,
				E04F43B41BFD50F000AEAE40 /* PBXTargetDependency */,
			);
			name = Cypress;
			productName = Cypress;
			productReference = E0DEAF521BE685840018EA8B /* Cypress.app */;
			productType = "com.apple.product-type.application";
		};
		E0DEAF651BE685840018EA8B /* CypressTests */ = {
			isa = PBXNativeTarget;
			buildConfigurationList = E0DEAF7D1BE685840018EA8B /* Build configuration list for PBXNativeTarget "CypressTests" */;
			buildPhases = (
				E0DEAF621BE685840018EA8B /* Sources */,
				E0DEAF631BE685840018EA8B /* Frameworks */,
				E0DEAF641BE685840018EA8B /* Resources */,
			);
			buildRules = (
			);
			dependencies = (
				E0DEAF681BE685840018EA8B /* PBXTargetDependency */,
			);
			name = CypressTests;
			productName = CypressTests;
			productReference = E0DEAF661BE685840018EA8B /* CypressTests.xctest */;
			productType = "com.apple.product-type.bundle.unit-test";
		};
		E0DEAF701BE685840018EA8B /* CypressUITests */ = {
			isa = PBXNativeTarget;
			buildConfigurationList = E0DEAF801BE685840018EA8B /* Build configuration list for PBXNativeTarget "CypressUITests" */;
			buildPhases = (
				E0DEAF6D1BE685840018EA8B /* Sources */,
				E0DEAF6E1BE685840018EA8B /* Frameworks */,
				E0DEAF6F1BE685840018EA8B /* Resources */,
			);
			buildRules = (
			);
			dependencies = (
				E0DEAF731BE685840018EA8B /* PBXTargetDependency */,
			);
			name = CypressUITests;
			productName = CypressUITests;
			productReference = E0DEAF711BE685840018EA8B /* CypressUITests.xctest */;
			productType = "com.apple.product-type.bundle.ui-testing";
		};
/* End PBXNativeTarget section */

/* Begin PBXProject section */
		E0DEAF4A1BE685840018EA8B /* Project object */ = {
			isa = PBXProject;
			attributes = {
				LastSwiftUpdateCheck = 0710;
				LastUpgradeCheck = 0710;
				ORGANIZATIONNAME = "Daniel Weiner";
				TargetAttributes = {
					E0DEAF511BE685840018EA8B = {
						CreatedOnToolsVersion = 7.1;
					};
					E0DEAF651BE685840018EA8B = {
						CreatedOnToolsVersion = 7.1;
						TestTargetID = E0DEAF511BE685840018EA8B;
					};
					E0DEAF701BE685840018EA8B = {
						CreatedOnToolsVersion = 7.1;
						TestTargetID = E0DEAF511BE685840018EA8B;
					};
				};
			};
			buildConfigurationList = E0DEAF4D1BE685840018EA8B /* Build configuration list for PBXProject "Cypress" */;
			compatibilityVersion = "Xcode 3.2";
			developmentRegion = English;
			hasScannedForEncodings = 0;
			knownRegions = (
				en,
				Base,
			);
			mainGroup = E0DEAF491BE685840018EA8B;
			productRefGroup = E0DEAF531BE685840018EA8B /* Products */;
			projectDirPath = "";
			projectReferences = (
				{
					ProductGroup = E0A7750A1BE68FB20021EE34 /* Products */;
					ProjectRef = E0A775091BE68FB20021EE34 /* GitUpKit.xcodeproj */;
				},
				{
					ProductGroup = E04F43811BFD50B500AEAE40 /* Products */;
					ProjectRef = E02D95EA1BFD4DB2004CCC78 /* Rx.xcodeproj */;
				},
			);
			projectRoot = "";
			targets = (
				E0DEAF511BE685840018EA8B /* Cypress */,
				E0DEAF651BE685840018EA8B /* CypressTests */,
				E0DEAF701BE685840018EA8B /* CypressUITests */,
			);
		};
/* End PBXProject section */

/* Begin PBXReferenceProxy section */
		E04F43901BFD50D300AEAE40 /* RxSwift.framework */ = {
			isa = PBXReferenceProxy;
			fileType = wrapper.framework;
			path = RxSwift.framework;
			remoteRef = E04F438F1BFD50D300AEAE40 /* PBXContainerItemProxy */;
			sourceTree = BUILT_PRODUCTS_DIR;
		};
		E04F43921BFD50D300AEAE40 /* RxSwift.framework */ = {
			isa = PBXReferenceProxy;
			fileType = wrapper.framework;
			path = RxSwift.framework;
			remoteRef = E04F43911BFD50D300AEAE40 /* PBXContainerItemProxy */;
			sourceTree = BUILT_PRODUCTS_DIR;
		};
		E04F43941BFD50D300AEAE40 /* RxSwift.framework */ = {
			isa = PBXReferenceProxy;
			fileType = wrapper.framework;
			path = RxSwift.framework;
			remoteRef = E04F43931BFD50D300AEAE40 /* PBXContainerItemProxy */;
			sourceTree = BUILT_PRODUCTS_DIR;
		};
		E04F43961BFD50D300AEAE40 /* RxSwift.framework */ = {
			isa = PBXReferenceProxy;
			fileType = wrapper.framework;
			path = RxSwift.framework;
			remoteRef = E04F43951BFD50D300AEAE40 /* PBXContainerItemProxy */;
			sourceTree = BUILT_PRODUCTS_DIR;
		};
		E04F43981BFD50D300AEAE40 /* RxCocoa.framework */ = {
			isa = PBXReferenceProxy;
			fileType = wrapper.framework;
			path = RxCocoa.framework;
			remoteRef = E04F43971BFD50D300AEAE40 /* PBXContainerItemProxy */;
			sourceTree = BUILT_PRODUCTS_DIR;
		};
		E04F439A1BFD50D300AEAE40 /* RxCocoa.framework */ = {
			isa = PBXReferenceProxy;
			fileType = wrapper.framework;
			path = RxCocoa.framework;
			remoteRef = E04F43991BFD50D300AEAE40 /* PBXContainerItemProxy */;
			sourceTree = BUILT_PRODUCTS_DIR;
		};
		E04F439C1BFD50D300AEAE40 /* RxCocoa.framework */ = {
			isa = PBXReferenceProxy;
			fileType = wrapper.framework;
			path = RxCocoa.framework;
			remoteRef = E04F439B1BFD50D300AEAE40 /* PBXContainerItemProxy */;
			sourceTree = BUILT_PRODUCTS_DIR;
		};
		E04F439E1BFD50D300AEAE40 /* RxCocoa.framework */ = {
			isa = PBXReferenceProxy;
			fileType = wrapper.framework;
			path = RxCocoa.framework;
			remoteRef = E04F439D1BFD50D300AEAE40 /* PBXContainerItemProxy */;
			sourceTree = BUILT_PRODUCTS_DIR;
		};
		E04F43A01BFD50D300AEAE40 /* RxBlocking.framework */ = {
			isa = PBXReferenceProxy;
			fileType = wrapper.framework;
			path = RxBlocking.framework;
			remoteRef = E04F439F1BFD50D300AEAE40 /* PBXContainerItemProxy */;
			sourceTree = BUILT_PRODUCTS_DIR;
		};
		E04F43A21BFD50D300AEAE40 /* RxBlocking.framework */ = {
			isa = PBXReferenceProxy;
			fileType = wrapper.framework;
			path = RxBlocking.framework;
			remoteRef = E04F43A11BFD50D300AEAE40 /* PBXContainerItemProxy */;
			sourceTree = BUILT_PRODUCTS_DIR;
		};
		E04F43A41BFD50D300AEAE40 /* RxBlocking.framework */ = {
			isa = PBXReferenceProxy;
			fileType = wrapper.framework;
			path = RxBlocking.framework;
			remoteRef = E04F43A31BFD50D300AEAE40 /* PBXContainerItemProxy */;
			sourceTree = BUILT_PRODUCTS_DIR;
		};
		E04F43A61BFD50D300AEAE40 /* RxBlocking.framework */ = {
			isa = PBXReferenceProxy;
			fileType = wrapper.framework;
			path = RxBlocking.framework;
			remoteRef = E04F43A51BFD50D300AEAE40 /* PBXContainerItemProxy */;
			sourceTree = BUILT_PRODUCTS_DIR;
		};
		E0A775111BE68FB20021EE34 /* GitUpKit.framework */ = {
			isa = PBXReferenceProxy;
			fileType = wrapper.framework;
			path = GitUpKit.framework;
			remoteRef = E0A775101BE68FB20021EE34 /* PBXContainerItemProxy */;
			sourceTree = BUILT_PRODUCTS_DIR;
		};
		E0A775131BE68FB20021EE34 /* GitUpKit.framework */ = {
			isa = PBXReferenceProxy;
			fileType = wrapper.framework;
			path = GitUpKit.framework;
			remoteRef = E0A775121BE68FB20021EE34 /* PBXContainerItemProxy */;
			sourceTree = BUILT_PRODUCTS_DIR;
		};
		E0A775151BE68FB20021EE34 /* GitUpTests.xctest */ = {
			isa = PBXReferenceProxy;
			fileType = wrapper.cfbundle;
			path = GitUpTests.xctest;
			remoteRef = E0A775141BE68FB20021EE34 /* PBXContainerItemProxy */;
			sourceTree = BUILT_PRODUCTS_DIR;
		};
/* End PBXReferenceProxy section */

/* Begin PBXResourcesBuildPhase section */
		E0DEAF501BE685840018EA8B /* Resources */ = {
			isa = PBXResourcesBuildPhase;
			buildActionMask = 2147483647;
			files = (
				E0DEAF601BE685840018EA8B /* LaunchScreen.storyboard in Resources */,
				E0DEAF5D1BE685840018EA8B /* Assets.xcassets in Resources */,
				E0DEAF5B1BE685840018EA8B /* Main.storyboard in Resources */,
				E0C713171BEEC8CD008595B9 /* RepositoryTableViewCell.xib in Resources */,
				E06EB6B81BF7D6F70035D2E6 /* SwitchTableViewCell.xib in Resources */,
			);
			runOnlyForDeploymentPostprocessing = 0;
		};
		E0DEAF641BE685840018EA8B /* Resources */ = {
			isa = PBXResourcesBuildPhase;
			buildActionMask = 2147483647;
			files = (
			);
			runOnlyForDeploymentPostprocessing = 0;
		};
		E0DEAF6F1BE685840018EA8B /* Resources */ = {
			isa = PBXResourcesBuildPhase;
			buildActionMask = 2147483647;
			files = (
			);
			runOnlyForDeploymentPostprocessing = 0;
		};
/* End PBXResourcesBuildPhase section */

/* Begin PBXShellScriptBuildPhase section */
		E0F815F51C00D31B00EFAEC7 /* ShellScript */ = {
			isa = PBXShellScriptBuildPhase;
			buildActionMask = 2147483647;
			files = (
			);
			inputPaths = (
			);
			outputPaths = (
			);
			runOnlyForDeploymentPostprocessing = 0;
			shellPath = /bin/bash;
			shellScript = "buildNumber=$(/usr/libexec/PlistBuddy -c \"Print CFBundleVersion\" \"$INFOPLIST_FILE\")\nbuildNumber=$(($buildNumber + 1))\n/usr/libexec/PlistBuddy -c \"Set :CFBundleVersion $buildNumber\" \"$INFOPLIST_FILE\"";
		};
/* End PBXShellScriptBuildPhase section */

/* Begin PBXSourcesBuildPhase section */
		E0DEAF4E1BE685840018EA8B /* Sources */ = {
			isa = PBXSourcesBuildPhase;
			buildActionMask = 2147483647;
			files = (
				E0C713161BEEC8CD008595B9 /* RepositoryTableViewCell.swift in Sources */,
				E0DCEDF91BFE43D1000F7164 /* Differentiator.swift in Sources */,
				E0954D1B1BED713F00649A5E /* RepositoryTableViewController.swift in Sources */,
				E0F815E51C00CD7A00EFAEC7 /* EZSwiftExtensions.swift in Sources */,
				E0DCEDF21BFE43D1000F7164 /* Changeset.swift in Sources */,
				E0F815DD1C00CD7A00EFAEC7 /* BlockPinch.swift in Sources */,
				E0DCEDF71BFE43D1000F7164 /* RxTableViewSectionedDataSource.swift in Sources */,
				E0F815DE1C00CD7A00EFAEC7 /* BlockSwipe.swift in Sources */,
				E0DCEDF51BFE43D1000F7164 /* RxCollectionViewSectionedReloadDataSource.swift in Sources */,
				E00FE2791BF014CC00BBC45A /* CypressTabBarViewController.swift in Sources */,
				E0F815F31C00CD7A00EFAEC7 /* UIViewControllerExtensions.swift in Sources */,
				E0F815EB1C00CD7A00EFAEC7 /* UIColoredView.swift in Sources */,
				E06EB6BD1BF7DBA30035D2E6 /* FileContentsViewSettings.swift in Sources */,
				E0DCEDFE1BFE43D1000F7164 /* SectionModel.swift in Sources */,
				E0F816071C00D47E00EFAEC7 /* FileViewModel.swift in Sources */,
				E06EB6C31BF7EEF20035D2E6 /* OpenFile.swift in Sources */,
				E06EB6B71BF7D6F70035D2E6 /* SwitchTableViewCell.swift in Sources */,
				E06EB6B21BF7D5500035D2E6 /* FileContentsConfigViewController.swift in Sources */,
				E0F815DF1C00CD7A00EFAEC7 /* BlockTap.swift in Sources */,
				E0DCEDCA1BFD9490000F7164 /* RepositoryCloningDelegate.swift in Sources */,
				E0DCEDFB1BFE43D1000F7164 /* README.md in Sources */,
				E0DCEDFD1BFE43D1000F7164 /* SectionedViewType.swift in Sources */,
				E0DCEDFF1BFE43D1000F7164 /* SectionModelType.swift in Sources */,
				E0F815EF1C00CD7A00EFAEC7 /* UIImageExtensions.swift in Sources */,
				E0F815D91C00CD7A00EFAEC7 /* ArrayExtensions.swift in Sources */,
				E00FE27B1BF0223400BBC45A /* AppState.swift in Sources */,
				E0F815F01C00CD7A00EFAEC7 /* UIImageViewExtensions.swift in Sources */,
				E0F815F41C00CD7A00EFAEC7 /* UIViewExtensions.swift in Sources */,
				E0D2078C1BF85A3A000B54D1 /* DirectoryContents.swift in Sources */,
				E0F815E31C00CD7A00EFAEC7 /* CGRectExtensions.swift in Sources */,
				E053FC4C1BFBADAE00B09411 /* RepositoryManager.swift in Sources */,
				E0AAF3A21BFD863A00320EA2 /* RepositoryViewModel.swift in Sources */,
				E0F815EC1C00CD7A00EFAEC7 /* UIColorExtensions.swift in Sources */,
				E0F815E61C00CD7A00EFAEC7 /* IntExtentions.swift in Sources */,
				E0F815E41C00CD7A00EFAEC7 /* DictionaryExtensions.swift in Sources */,
				E0F815EE1C00CD7A00EFAEC7 /* UIFontExtensions.swift in Sources */,
				E0DEAF561BE685840018EA8B /* AppDelegate.swift in Sources */,
				E0F815E71C00CD7A00EFAEC7 /* NSDateExtensions.swift in Sources */,
				E0E5D8271BEFAD220010A976 /* FileBrowserTableViewController.swift in Sources */,
				E0F815DA1C00CD7A00EFAEC7 /* BlockButton.swift in Sources */,
				E0F815ED1C00CD7A00EFAEC7 /* UIDeviceExtensions.swift in Sources */,
				E0F815E01C00CD7A00EFAEC7 /* BlockWebView.swift in Sources */,
				E0F815EA1C00CD7A00EFAEC7 /* UIButtonExtensions.swift in Sources */,
				E0F815E91C00CD7A00EFAEC7 /* StringExtensions.swift in Sources */,
				E0DCEDFA1BFE43D1000F7164 /* ObservableConvertibleType+Differentiator.swift in Sources */,
				E0DCEDF61BFE43D1000F7164 /* RxTableViewSectionedAnimatedDataSource.swift in Sources */,
				E0DCEDF81BFE43D1000F7164 /* RxTableViewSectionedReloadDataSource.swift in Sources */,
				E0F815E11C00CD7A00EFAEC7 /* BoolExtentions.swift in Sources */,
				E0DCEDF31BFE43D1000F7164 /* RxCollectionViewSectionedAnimatedDataSource.swift in Sources */,
				E0F815E81C00CD7A00EFAEC7 /* NSObjectExtentions.swift in Sources */,
				E0F815DB1C00CD7A00EFAEC7 /* BlockLongPress.swift in Sources */,
				E0DCEE001BFE43D1000F7164 /* UISectionedViewType+RxAnimatedDataSource.swift in Sources */,
				E06EB6C11BF7E3990035D2E6 /* CypressNavigationController.swift in Sources */,
				E0E5D82C1BEFE76F0010A976 /* NavigationHistoryTableViewController.swift in Sources */,
				E0DCEDF41BFE43D1000F7164 /* RxCollectionViewSectionedDataSource.swift in Sources */,
				E0F815F11C00CD7A00EFAEC7 /* UILabelExtensions.swift in Sources */,
				E0954D231BED74D200649A5E /* CypressFunctions.swift in Sources */,
				E0DCEDFC1BFE43D1000F7164 /* RxDataSourceStarterKit.swift in Sources */,
				E0363E651BEE5BBB00C8584F /* FileBrowserNavigationController.swift in Sources */,
				E0363E601BEDA1F800C8584F /* FileContentsViewController.swift in Sources */,
				E0F815E21C00CD7A00EFAEC7 /* CGFloatExtensions.swift in Sources */,
				E0F815DC1C00CD7A00EFAEC7 /* BlockPan.swift in Sources */,
				E0F815F21C00CD7A00EFAEC7 /* UITextViewExtensions.swift in Sources */,
			);
			runOnlyForDeploymentPostprocessing = 0;
		};
		E0DEAF621BE685840018EA8B /* Sources */ = {
			isa = PBXSourcesBuildPhase;
			buildActionMask = 2147483647;
			files = (
				E0DEAF6B1BE685840018EA8B /* CypressTests.swift in Sources */,
			);
			runOnlyForDeploymentPostprocessing = 0;
		};
		E0DEAF6D1BE685840018EA8B /* Sources */ = {
			isa = PBXSourcesBuildPhase;
			buildActionMask = 2147483647;
			files = (
				E0DEAF761BE685840018EA8B /* CypressUITests.swift in Sources */,
			);
			runOnlyForDeploymentPostprocessing = 0;
		};
/* End PBXSourcesBuildPhase section */

/* Begin PBXTargetDependency section */
		E04F43AA1BFD50D300AEAE40 /* PBXTargetDependency */ = {
			isa = PBXTargetDependency;
			name = "RxSwift-iOS";
			targetProxy = E04F43A91BFD50D300AEAE40 /* PBXContainerItemProxy */;
		};
		E04F43B01BFD50F000AEAE40 /* PBXTargetDependency */ = {
			isa = PBXTargetDependency;
			name = "RxCocoa-iOS";
			targetProxy = E04F43AF1BFD50F000AEAE40 /* PBXContainerItemProxy */;
		};
		E04F43B41BFD50F000AEAE40 /* PBXTargetDependency */ = {
			isa = PBXTargetDependency;
			name = "RxBlocking-iOS";
			targetProxy = E04F43B31BFD50F000AEAE40 /* PBXContainerItemProxy */;
		};
		E0A775201BE691EF0021EE34 /* PBXTargetDependency */ = {
			isa = PBXTargetDependency;
			name = "GitUpKit (iOS)";
			targetProxy = E0A7751F1BE691EF0021EE34 /* PBXContainerItemProxy */;
		};
		E0DEAF681BE685840018EA8B /* PBXTargetDependency */ = {
			isa = PBXTargetDependency;
			target = E0DEAF511BE685840018EA8B /* Cypress */;
			targetProxy = E0DEAF671BE685840018EA8B /* PBXContainerItemProxy */;
		};
		E0DEAF731BE685840018EA8B /* PBXTargetDependency */ = {
			isa = PBXTargetDependency;
			target = E0DEAF511BE685840018EA8B /* Cypress */;
			targetProxy = E0DEAF721BE685840018EA8B /* PBXContainerItemProxy */;
		};
/* End PBXTargetDependency section */

/* Begin PBXVariantGroup section */
		E0DEAF591BE685840018EA8B /* Main.storyboard */ = {
			isa = PBXVariantGroup;
			children = (
				E0DEAF5A1BE685840018EA8B /* Base */,
			);
			name = Main.storyboard;
			path = .;
			sourceTree = "<group>";
		};
		E0DEAF5E1BE685840018EA8B /* LaunchScreen.storyboard */ = {
			isa = PBXVariantGroup;
			children = (
				E0DEAF5F1BE685840018EA8B /* Base */,
			);
			name = LaunchScreen.storyboard;
			path = .;
			sourceTree = "<group>";
		};
/* End PBXVariantGroup section */

/* Begin XCBuildConfiguration section */
		E0DEAF781BE685840018EA8B /* Debug */ = {
			isa = XCBuildConfiguration;
			buildSettings = {
				ALWAYS_SEARCH_USER_PATHS = NO;
				CLANG_CXX_LANGUAGE_STANDARD = "gnu++0x";
				CLANG_CXX_LIBRARY = "libc++";
				CLANG_ENABLE_MODULES = YES;
				CLANG_ENABLE_OBJC_ARC = YES;
				CLANG_WARN_BOOL_CONVERSION = YES;
				CLANG_WARN_CONSTANT_CONVERSION = YES;
				CLANG_WARN_DIRECT_OBJC_ISA_USAGE = YES_ERROR;
				CLANG_WARN_EMPTY_BODY = YES;
				CLANG_WARN_ENUM_CONVERSION = YES;
				CLANG_WARN_INT_CONVERSION = YES;
				CLANG_WARN_OBJC_ROOT_CLASS = YES_ERROR;
				CLANG_WARN_UNREACHABLE_CODE = YES;
				CLANG_WARN__DUPLICATE_METHOD_MATCH = YES;
				"CODE_SIGN_IDENTITY[sdk=iphoneos*]" = "iPhone Developer";
				COPY_PHASE_STRIP = NO;
				DEBUG_INFORMATION_FORMAT = dwarf;
				ENABLE_STRICT_OBJC_MSGSEND = YES;
				ENABLE_TESTABILITY = YES;
				GCC_C_LANGUAGE_STANDARD = gnu99;
				GCC_DYNAMIC_NO_PIC = NO;
				GCC_NO_COMMON_BLOCKS = YES;
				GCC_OPTIMIZATION_LEVEL = 0;
				GCC_PREPROCESSOR_DEFINITIONS = (
					"DEBUG=1",
					"$(inherited)",
				);
				GCC_WARN_64_TO_32_BIT_CONVERSION = YES;
				GCC_WARN_ABOUT_RETURN_TYPE = YES_ERROR;
				GCC_WARN_UNDECLARED_SELECTOR = YES;
				GCC_WARN_UNINITIALIZED_AUTOS = YES_AGGRESSIVE;
				GCC_WARN_UNUSED_FUNCTION = YES;
				GCC_WARN_UNUSED_VARIABLE = YES;
				IPHONEOS_DEPLOYMENT_TARGET = 9.1;
				MTL_ENABLE_DEBUG_INFO = YES;
				ONLY_ACTIVE_ARCH = YES;
				SDKROOT = iphoneos;
				SWIFT_OPTIMIZATION_LEVEL = "-Onone";
				TARGETED_DEVICE_FAMILY = "1,2";
			};
			name = Debug;
		};
		E0DEAF791BE685840018EA8B /* Release */ = {
			isa = XCBuildConfiguration;
			buildSettings = {
				ALWAYS_SEARCH_USER_PATHS = NO;
				CLANG_CXX_LANGUAGE_STANDARD = "gnu++0x";
				CLANG_CXX_LIBRARY = "libc++";
				CLANG_ENABLE_MODULES = YES;
				CLANG_ENABLE_OBJC_ARC = YES;
				CLANG_WARN_BOOL_CONVERSION = YES;
				CLANG_WARN_CONSTANT_CONVERSION = YES;
				CLANG_WARN_DIRECT_OBJC_ISA_USAGE = YES_ERROR;
				CLANG_WARN_EMPTY_BODY = YES;
				CLANG_WARN_ENUM_CONVERSION = YES;
				CLANG_WARN_INT_CONVERSION = YES;
				CLANG_WARN_OBJC_ROOT_CLASS = YES_ERROR;
				CLANG_WARN_UNREACHABLE_CODE = YES;
				CLANG_WARN__DUPLICATE_METHOD_MATCH = YES;
				"CODE_SIGN_IDENTITY[sdk=iphoneos*]" = "iPhone Developer";
				COPY_PHASE_STRIP = NO;
				DEBUG_INFORMATION_FORMAT = "dwarf-with-dsym";
				ENABLE_NS_ASSERTIONS = NO;
				ENABLE_STRICT_OBJC_MSGSEND = YES;
				GCC_C_LANGUAGE_STANDARD = gnu99;
				GCC_NO_COMMON_BLOCKS = YES;
				GCC_WARN_64_TO_32_BIT_CONVERSION = YES;
				GCC_WARN_ABOUT_RETURN_TYPE = YES_ERROR;
				GCC_WARN_UNDECLARED_SELECTOR = YES;
				GCC_WARN_UNINITIALIZED_AUTOS = YES_AGGRESSIVE;
				GCC_WARN_UNUSED_FUNCTION = YES;
				GCC_WARN_UNUSED_VARIABLE = YES;
				IPHONEOS_DEPLOYMENT_TARGET = 9.1;
				MTL_ENABLE_DEBUG_INFO = NO;
				SDKROOT = iphoneos;
				TARGETED_DEVICE_FAMILY = "1,2";
				VALIDATE_PRODUCT = YES;
			};
			name = Release;
		};
		E0DEAF7B1BE685840018EA8B /* Debug */ = {
			isa = XCBuildConfiguration;
			buildSettings = {
				ASSETCATALOG_COMPILER_APPICON_NAME = AppIcon;
				EMBEDDED_CONTENT_CONTAINS_SWIFT = YES;
				INFOPLIST_FILE = Cypress/Info.plist;
				LD_RUNPATH_SEARCH_PATHS = "$(inherited) @executable_path/Frameworks";
				LIBRARY_SEARCH_PATHS = (
					"$(inherited)",
					"$(PROJECT_DIR)/GitUpKit/Third-Party/Libraries/libsqlite3/iPhoneOS/lib",
					"$(PROJECT_DIR)/GitUpKit/Third-Party/Libraries/libsqlite3/iPhoneSimulator/lib",
					"$(PROJECT_DIR)/GitUpKit/Third-Party/Libraries/libsqlite3/MacOSX/lib",
					"$(PROJECT_DIR)/GitUpKit/Third-Party/Libraries/libssh2/iPhoneOS/lib",
					"$(PROJECT_DIR)/GitUpKit/Third-Party/Libraries/libssh2/iPhoneSimulator/lib",
					"$(PROJECT_DIR)/GitUpKit/Third-Party/Libraries/libssh2/MacOSX/lib",
					"$(PROJECT_DIR)/GitUpKit/Third-Party/Libraries/libssl/iPhoneOS/lib",
					"$(PROJECT_DIR)/GitUpKit/Third-Party/Libraries/libssl/iPhoneSimulator/lib",
					"$(PROJECT_DIR)/GitUpKit/Third-Party/Libraries/libssl/MacOSX/lib",
				);
				PRODUCT_BUNDLE_IDENTIFIER = com.danielweiner.Cypress;
				PRODUCT_NAME = "$(TARGET_NAME)";
				TARGETED_DEVICE_FAMILY = "1,2";
			};
			name = Debug;
		};
		E0DEAF7C1BE685840018EA8B /* Release */ = {
			isa = XCBuildConfiguration;
			buildSettings = {
				ASSETCATALOG_COMPILER_APPICON_NAME = AppIcon;
				EMBEDDED_CONTENT_CONTAINS_SWIFT = YES;
				INFOPLIST_FILE = Cypress/Info.plist;
				LD_RUNPATH_SEARCH_PATHS = "$(inherited) @executable_path/Frameworks";
				LIBRARY_SEARCH_PATHS = (
					"$(inherited)",
					"$(PROJECT_DIR)/GitUpKit/Third-Party/Libraries/libsqlite3/iPhoneOS/lib",
					"$(PROJECT_DIR)/GitUpKit/Third-Party/Libraries/libsqlite3/iPhoneSimulator/lib",
					"$(PROJECT_DIR)/GitUpKit/Third-Party/Libraries/libsqlite3/MacOSX/lib",
					"$(PROJECT_DIR)/GitUpKit/Third-Party/Libraries/libssh2/iPhoneOS/lib",
					"$(PROJECT_DIR)/GitUpKit/Third-Party/Libraries/libssh2/iPhoneSimulator/lib",
					"$(PROJECT_DIR)/GitUpKit/Third-Party/Libraries/libssh2/MacOSX/lib",
					"$(PROJECT_DIR)/GitUpKit/Third-Party/Libraries/libssl/iPhoneOS/lib",
					"$(PROJECT_DIR)/GitUpKit/Third-Party/Libraries/libssl/iPhoneSimulator/lib",
					"$(PROJECT_DIR)/GitUpKit/Third-Party/Libraries/libssl/MacOSX/lib",
				);
				PRODUCT_BUNDLE_IDENTIFIER = com.danielweiner.Cypress;
				PRODUCT_NAME = "$(TARGET_NAME)";
				TARGETED_DEVICE_FAMILY = "1,2";
			};
			name = Release;
		};
		E0DEAF7E1BE685840018EA8B /* Debug */ = {
			isa = XCBuildConfiguration;
			buildSettings = {
				BUNDLE_LOADER = "$(TEST_HOST)";
				INFOPLIST_FILE = CypressTests/Info.plist;
				LD_RUNPATH_SEARCH_PATHS = "$(inherited) @executable_path/Frameworks @loader_path/Frameworks";
				PRODUCT_BUNDLE_IDENTIFIER = com.danielweiner.CypressTests;
				PRODUCT_NAME = "$(TARGET_NAME)";
				TEST_HOST = "$(BUILT_PRODUCTS_DIR)/Cypress.app/Cypress";
			};
			name = Debug;
		};
		E0DEAF7F1BE685840018EA8B /* Release */ = {
			isa = XCBuildConfiguration;
			buildSettings = {
				BUNDLE_LOADER = "$(TEST_HOST)";
				INFOPLIST_FILE = CypressTests/Info.plist;
				LD_RUNPATH_SEARCH_PATHS = "$(inherited) @executable_path/Frameworks @loader_path/Frameworks";
				PRODUCT_BUNDLE_IDENTIFIER = com.danielweiner.CypressTests;
				PRODUCT_NAME = "$(TARGET_NAME)";
				TEST_HOST = "$(BUILT_PRODUCTS_DIR)/Cypress.app/Cypress";
			};
			name = Release;
		};
		E0DEAF811BE685840018EA8B /* Debug */ = {
			isa = XCBuildConfiguration;
			buildSettings = {
				INFOPLIST_FILE = CypressUITests/Info.plist;
				LD_RUNPATH_SEARCH_PATHS = "$(inherited) @executable_path/Frameworks @loader_path/Frameworks";
				PRODUCT_BUNDLE_IDENTIFIER = com.danielweiner.CypressUITests;
				PRODUCT_NAME = "$(TARGET_NAME)";
				TEST_TARGET_NAME = Cypress;
				USES_XCTRUNNER = YES;
			};
			name = Debug;
		};
		E0DEAF821BE685840018EA8B /* Release */ = {
			isa = XCBuildConfiguration;
			buildSettings = {
				INFOPLIST_FILE = CypressUITests/Info.plist;
				LD_RUNPATH_SEARCH_PATHS = "$(inherited) @executable_path/Frameworks @loader_path/Frameworks";
				PRODUCT_BUNDLE_IDENTIFIER = com.danielweiner.CypressUITests;
				PRODUCT_NAME = "$(TARGET_NAME)";
				TEST_TARGET_NAME = Cypress;
				USES_XCTRUNNER = YES;
			};
			name = Release;
		};
/* End XCBuildConfiguration section */

/* Begin XCConfigurationList section */
		E0DEAF4D1BE685840018EA8B /* Build configuration list for PBXProject "Cypress" */ = {
			isa = XCConfigurationList;
			buildConfigurations = (
				E0DEAF781BE685840018EA8B /* Debug */,
				E0DEAF791BE685840018EA8B /* Release */,
			);
			defaultConfigurationIsVisible = 0;
			defaultConfigurationName = Release;
		};
		E0DEAF7A1BE685840018EA8B /* Build configuration list for PBXNativeTarget "Cypress" */ = {
			isa = XCConfigurationList;
			buildConfigurations = (
				E0DEAF7B1BE685840018EA8B /* Debug */,
				E0DEAF7C1BE685840018EA8B /* Release */,
			);
			defaultConfigurationIsVisible = 0;
			defaultConfigurationName = Release;
		};
		E0DEAF7D1BE685840018EA8B /* Build configuration list for PBXNativeTarget "CypressTests" */ = {
			isa = XCConfigurationList;
			buildConfigurations = (
				E0DEAF7E1BE685840018EA8B /* Debug */,
				E0DEAF7F1BE685840018EA8B /* Release */,
			);
			defaultConfigurationIsVisible = 0;
			defaultConfigurationName = Release;
		};
		E0DEAF801BE685840018EA8B /* Build configuration list for PBXNativeTarget "CypressUITests" */ = {
			isa = XCConfigurationList;
			buildConfigurations = (
				E0DEAF811BE685840018EA8B /* Debug */,
				E0DEAF821BE685840018EA8B /* Release */,
			);
			defaultConfigurationIsVisible = 0;
			defaultConfigurationName = Release;
		};
/* End XCConfigurationList section */
	};
	rootObject = E0DEAF4A1BE685840018EA8B /* Project object */;
}
