// !$*UTF8*$!
{
	archiveVersion = 1;
	classes = {
	};
	objectVersion = 46;
	objects = {

/* Begin PBXBuildFile section */
		E00FE2791BF014CC00BBC45A /* CypressTabBarViewController.swift in Sources */ = {isa = PBXBuildFile; fileRef = E00FE2781BF014CC00BBC45A /* CypressTabBarViewController.swift */; };
		E00FE27B1BF0223400BBC45A /* AppState.swift in Sources */ = {isa = PBXBuildFile; fileRef = E00FE27A1BF0223400BBC45A /* AppState.swift */; };
		E0363E601BEDA1F800C8584F /* FileContentsViewController.swift in Sources */ = {isa = PBXBuildFile; fileRef = E0363E5F1BEDA1F800C8584F /* FileContentsViewController.swift */; };
		E0363E651BEE5BBB00C8584F /* MasterNavigationController.swift in Sources */ = {isa = PBXBuildFile; fileRef = E0363E641BEE5BBB00C8584F /* MasterNavigationController.swift */; };
		E06EB6B21BF7D5500035D2E6 /* FileContentsConfigViewController.swift in Sources */ = {isa = PBXBuildFile; fileRef = E06EB6B11BF7D5500035D2E6 /* FileContentsConfigViewController.swift */; };
		E06EB6B71BF7D6F70035D2E6 /* SwitchTableViewCell.swift in Sources */ = {isa = PBXBuildFile; fileRef = E06EB6B51BF7D6F70035D2E6 /* SwitchTableViewCell.swift */; };
		E06EB6B81BF7D6F70035D2E6 /* SwitchTableViewCell.xib in Resources */ = {isa = PBXBuildFile; fileRef = E06EB6B61BF7D6F70035D2E6 /* SwitchTableViewCell.xib */; };
		E06EB6BD1BF7DBA30035D2E6 /* FileContentsViewSettings.swift in Sources */ = {isa = PBXBuildFile; fileRef = E06EB6BC1BF7DBA30035D2E6 /* FileContentsViewSettings.swift */; };
		E06EB6C11BF7E3990035D2E6 /* CypressNavigationController.swift in Sources */ = {isa = PBXBuildFile; fileRef = E06EB6C01BF7E3990035D2E6 /* CypressNavigationController.swift */; };
		E06EB6C31BF7EEF20035D2E6 /* OpenFile.swift in Sources */ = {isa = PBXBuildFile; fileRef = E06EB6C21BF7EEF20035D2E6 /* OpenFile.swift */; };
		E0954D1B1BED713F00649A5E /* RepositoryTableViewController.swift in Sources */ = {isa = PBXBuildFile; fileRef = E0954D1A1BED713F00649A5E /* RepositoryTableViewController.swift */; };
		E0954D1F1BED718B00649A5E /* RepositoryList.swift in Sources */ = {isa = PBXBuildFile; fileRef = E0954D1E1BED718B00649A5E /* RepositoryList.swift */; };
		E0954D211BED725E00649A5E /* Repository.swift in Sources */ = {isa = PBXBuildFile; fileRef = E0954D201BED725E00649A5E /* Repository.swift */; };
		E0954D231BED74D200649A5E /* CypressFunctions.swift in Sources */ = {isa = PBXBuildFile; fileRef = E0954D221BED74D200649A5E /* CypressFunctions.swift */; };
		E0A7751D1BE691EF0021EE34 /* GitUpKit.framework in Frameworks */ = {isa = PBXBuildFile; fileRef = E0A775131BE68FB20021EE34 /* GitUpKit.framework */; };
		E0A7751E1BE691EF0021EE34 /* GitUpKit.framework in Embed Frameworks */ = {isa = PBXBuildFile; fileRef = E0A775131BE68FB20021EE34 /* GitUpKit.framework */; settings = {ATTRIBUTES = (CodeSignOnCopy, RemoveHeadersOnCopy, ); }; };
		E0C713161BEEC8CD008595B9 /* ProgressTableViewCell.swift in Sources */ = {isa = PBXBuildFile; fileRef = E0C713141BEEC8CD008595B9 /* ProgressTableViewCell.swift */; };
		E0C713171BEEC8CD008595B9 /* ProgressTableViewCell.xib in Resources */ = {isa = PBXBuildFile; fileRef = E0C713151BEEC8CD008595B9 /* ProgressTableViewCell.xib */; };
		E0DEAF561BE685840018EA8B /* AppDelegate.swift in Sources */ = {isa = PBXBuildFile; fileRef = E0DEAF551BE685840018EA8B /* AppDelegate.swift */; };
		E0DEAF5B1BE685840018EA8B /* Main.storyboard in Resources */ = {isa = PBXBuildFile; fileRef = E0DEAF591BE685840018EA8B /* Main.storyboard */; };
		E0DEAF5D1BE685840018EA8B /* Assets.xcassets in Resources */ = {isa = PBXBuildFile; fileRef = E0DEAF5C1BE685840018EA8B /* Assets.xcassets */; };
		E0DEAF601BE685840018EA8B /* LaunchScreen.storyboard in Resources */ = {isa = PBXBuildFile; fileRef = E0DEAF5E1BE685840018EA8B /* LaunchScreen.storyboard */; };
		E0DEAF6B1BE685840018EA8B /* CypressTests.swift in Sources */ = {isa = PBXBuildFile; fileRef = E0DEAF6A1BE685840018EA8B /* CypressTests.swift */; };
		E0DEAF761BE685840018EA8B /* CypressUITests.swift in Sources */ = {isa = PBXBuildFile; fileRef = E0DEAF751BE685840018EA8B /* CypressUITests.swift */; };
		E0E5D8271BEFAD220010A976 /* FileBrowserTableViewController.swift in Sources */ = {isa = PBXBuildFile; fileRef = E0E5D8261BEFAD220010A976 /* FileBrowserTableViewController.swift */; };
		E0E5D82C1BEFE76F0010A976 /* NavigationHistoryTableViewController.swift in Sources */ = {isa = PBXBuildFile; fileRef = E0E5D82A1BEFE76F0010A976 /* NavigationHistoryTableViewController.swift */; };
/* End PBXBuildFile section */

/* Begin PBXContainerItemProxy section */
		E0A775101BE68FB20021EE34 /* PBXContainerItemProxy */ = {
			isa = PBXContainerItemProxy;
			containerPortal = E0A775091BE68FB20021EE34 /* GitUpKit.xcodeproj */;
			proxyType = 2;
			remoteGlobalIDString = E267E1A81B84D6C500BAB377;
			remoteInfo = "GitUpKit (OSX)";
		};
		E0A775121BE68FB20021EE34 /* PBXContainerItemProxy */ = {
			isa = PBXContainerItemProxy;
			containerPortal = E0A775091BE68FB20021EE34 /* GitUpKit.xcodeproj */;
			proxyType = 2;
			remoteGlobalIDString = E217531B1B91613300BE234A;
			remoteInfo = "GitUpKit (iOS)";
		};
		E0A775141BE68FB20021EE34 /* PBXContainerItemProxy */ = {
			isa = PBXContainerItemProxy;
			containerPortal = E0A775091BE68FB20021EE34 /* GitUpKit.xcodeproj */;
			proxyType = 2;
			remoteGlobalIDString = E2C338C419F8562F00063D95;
			remoteInfo = Tests;
		};
		E0A7751F1BE691EF0021EE34 /* PBXContainerItemProxy */ = {
			isa = PBXContainerItemProxy;
			containerPortal = E0A775091BE68FB20021EE34 /* GitUpKit.xcodeproj */;
			proxyType = 1;
			remoteGlobalIDString = E217531A1B91613300BE234A;
			remoteInfo = "GitUpKit (iOS)";
		};
		E0DEAF671BE685840018EA8B /* PBXContainerItemProxy */ = {
			isa = PBXContainerItemProxy;
			containerPortal = E0DEAF4A1BE685840018EA8B /* Project object */;
			proxyType = 1;
			remoteGlobalIDString = E0DEAF511BE685840018EA8B;
			remoteInfo = Cypress;
		};
		E0DEAF721BE685840018EA8B /* PBXContainerItemProxy */ = {
			isa = PBXContainerItemProxy;
			containerPortal = E0DEAF4A1BE685840018EA8B /* Project object */;
			proxyType = 1;
			remoteGlobalIDString = E0DEAF511BE685840018EA8B;
			remoteInfo = Cypress;
		};
/* End PBXContainerItemProxy section */

/* Begin PBXCopyFilesBuildPhase section */
		E0A775211BE691EF0021EE34 /* Embed Frameworks */ = {
			isa = PBXCopyFilesBuildPhase;
			buildActionMask = 2147483647;
			dstPath = "";
			dstSubfolderSpec = 10;
			files = (
				E0A7751E1BE691EF0021EE34 /* GitUpKit.framework in Embed Frameworks */,
			);
			name = "Embed Frameworks";
			runOnlyForDeploymentPostprocessing = 0;
		};
/* End PBXCopyFilesBuildPhase section */

/* Begin PBXFileReference section */
		E00FE2781BF014CC00BBC45A /* CypressTabBarViewController.swift */ = {isa = PBXFileReference; fileEncoding = 4; lastKnownFileType = sourcecode.swift; path = CypressTabBarViewController.swift; sourceTree = "<group>"; };
		E00FE27A1BF0223400BBC45A /* AppState.swift */ = {isa = PBXFileReference; fileEncoding = 4; lastKnownFileType = sourcecode.swift; path = AppState.swift; sourceTree = "<group>"; };
		E0363E5F1BEDA1F800C8584F /* FileContentsViewController.swift */ = {isa = PBXFileReference; fileEncoding = 4; lastKnownFileType = sourcecode.swift; path = FileContentsViewController.swift; sourceTree = "<group>"; };
		E0363E641BEE5BBB00C8584F /* MasterNavigationController.swift */ = {isa = PBXFileReference; fileEncoding = 4; lastKnownFileType = sourcecode.swift; path = MasterNavigationController.swift; sourceTree = "<group>"; };
		E06EB6B11BF7D5500035D2E6 /* FileContentsConfigViewController.swift */ = {isa = PBXFileReference; fileEncoding = 4; lastKnownFileType = sourcecode.swift; path = FileContentsConfigViewController.swift; sourceTree = "<group>"; };
		E06EB6B51BF7D6F70035D2E6 /* SwitchTableViewCell.swift */ = {isa = PBXFileReference; fileEncoding = 4; lastKnownFileType = sourcecode.swift; path = SwitchTableViewCell.swift; sourceTree = "<group>"; };
		E06EB6B61BF7D6F70035D2E6 /* SwitchTableViewCell.xib */ = {isa = PBXFileReference; fileEncoding = 4; lastKnownFileType = file.xib; path = SwitchTableViewCell.xib; sourceTree = "<group>"; };
		E06EB6BC1BF7DBA30035D2E6 /* FileContentsViewSettings.swift */ = {isa = PBXFileReference; fileEncoding = 4; lastKnownFileType = sourcecode.swift; path = FileContentsViewSettings.swift; sourceTree = "<group>"; };
		E06EB6C01BF7E3990035D2E6 /* CypressNavigationController.swift */ = {isa = PBXFileReference; fileEncoding = 4; lastKnownFileType = sourcecode.swift; path = CypressNavigationController.swift; sourceTree = "<group>"; };
		E06EB6C21BF7EEF20035D2E6 /* OpenFile.swift */ = {isa = PBXFileReference; fileEncoding = 4; lastKnownFileType = sourcecode.swift; path = OpenFile.swift; sourceTree = "<group>"; };
		E0954D1A1BED713F00649A5E /* RepositoryTableViewController.swift */ = {isa = PBXFileReference; fileEncoding = 4; lastKnownFileType = sourcecode.swift; path = RepositoryTableViewController.swift; sourceTree = "<group>"; };
		E0954D1E1BED718B00649A5E /* RepositoryList.swift */ = {isa = PBXFileReference; fileEncoding = 4; lastKnownFileType = sourcecode.swift; path = RepositoryList.swift; sourceTree = "<group>"; };
		E0954D201BED725E00649A5E /* Repository.swift */ = {isa = PBXFileReference; fileEncoding = 4; lastKnownFileType = sourcecode.swift; path = Repository.swift; sourceTree = "<group>"; };
		E0954D221BED74D200649A5E /* CypressFunctions.swift */ = {isa = PBXFileReference; fileEncoding = 4; lastKnownFileType = sourcecode.swift; path = CypressFunctions.swift; sourceTree = "<group>"; };
		E0A775091BE68FB20021EE34 /* GitUpKit.xcodeproj */ = {isa = PBXFileReference; lastKnownFileType = "wrapper.pb-project"; name = GitUpKit.xcodeproj; path = GitUp/GitUpKit/GitUpKit.xcodeproj; sourceTree = "<group>"; };
		E0C713141BEEC8CD008595B9 /* ProgressTableViewCell.swift */ = {isa = PBXFileReference; fileEncoding = 4; lastKnownFileType = sourcecode.swift; path = ProgressTableViewCell.swift; sourceTree = "<group>"; };
		E0C713151BEEC8CD008595B9 /* ProgressTableViewCell.xib */ = {isa = PBXFileReference; fileEncoding = 4; lastKnownFileType = file.xib; path = ProgressTableViewCell.xib; sourceTree = "<group>"; };
		E0DEAF521BE685840018EA8B /* Cypress.app */ = {isa = PBXFileReference; explicitFileType = wrapper.application; includeInIndex = 0; path = Cypress.app; sourceTree = BUILT_PRODUCTS_DIR; };
		E0DEAF551BE685840018EA8B /* AppDelegate.swift */ = {isa = PBXFileReference; lastKnownFileType = sourcecode.swift; path = AppDelegate.swift; sourceTree = "<group>"; };
		E0DEAF5A1BE685840018EA8B /* Base */ = {isa = PBXFileReference; lastKnownFileType = file.storyboard; name = Base; path = Base.lproj/Main.storyboard; sourceTree = "<group>"; };
		E0DEAF5C1BE685840018EA8B /* Assets.xcassets */ = {isa = PBXFileReference; lastKnownFileType = folder.assetcatalog; path = Assets.xcassets; sourceTree = "<group>"; };
		E0DEAF5F1BE685840018EA8B /* Base */ = {isa = PBXFileReference; lastKnownFileType = file.storyboard; name = Base; path = Base.lproj/LaunchScreen.storyboard; sourceTree = "<group>"; };
		E0DEAF611BE685840018EA8B /* Info.plist */ = {isa = PBXFileReference; lastKnownFileType = text.plist.xml; path = Info.plist; sourceTree = "<group>"; };
		E0DEAF661BE685840018EA8B /* CypressTests.xctest */ = {isa = PBXFileReference; explicitFileType = wrapper.cfbundle; includeInIndex = 0; path = CypressTests.xctest; sourceTree = BUILT_PRODUCTS_DIR; };
		E0DEAF6A1BE685840018EA8B /* CypressTests.swift */ = {isa = PBXFileReference; lastKnownFileType = sourcecode.swift; path = CypressTests.swift; sourceTree = "<group>"; };
		E0DEAF6C1BE685840018EA8B /* Info.plist */ = {isa = PBXFileReference; lastKnownFileType = text.plist.xml; path = Info.plist; sourceTree = "<group>"; };
		E0DEAF711BE685840018EA8B /* CypressUITests.xctest */ = {isa = PBXFileReference; explicitFileType = wrapper.cfbundle; includeInIndex = 0; path = CypressUITests.xctest; sourceTree = BUILT_PRODUCTS_DIR; };
		E0DEAF751BE685840018EA8B /* CypressUITests.swift */ = {isa = PBXFileReference; lastKnownFileType = sourcecode.swift; path = CypressUITests.swift; sourceTree = "<group>"; };
		E0DEAF771BE685840018EA8B /* Info.plist */ = {isa = PBXFileReference; lastKnownFileType = text.plist.xml; path = Info.plist; sourceTree = "<group>"; };
		E0E5D8261BEFAD220010A976 /* FileBrowserTableViewController.swift */ = {isa = PBXFileReference; fileEncoding = 4; lastKnownFileType = sourcecode.swift; path = FileBrowserTableViewController.swift; sourceTree = "<group>"; };
		E0E5D82A1BEFE76F0010A976 /* NavigationHistoryTableViewController.swift */ = {isa = PBXFileReference; fileEncoding = 4; lastKnownFileType = sourcecode.swift; path = NavigationHistoryTableViewController.swift; sourceTree = "<group>"; };
/* End PBXFileReference section */

/* Begin PBXFrameworksBuildPhase section */
		E0DEAF4F1BE685840018EA8B /* Frameworks */ = {
			isa = PBXFrameworksBuildPhase;
			buildActionMask = 2147483647;
			files = (
				E0A7751D1BE691EF0021EE34 /* GitUpKit.framework in Frameworks */,
			);
			runOnlyForDeploymentPostprocessing = 0;
		};
		E0DEAF631BE685840018EA8B /* Frameworks */ = {
			isa = PBXFrameworksBuildPhase;
			buildActionMask = 2147483647;
			files = (
			);
			runOnlyForDeploymentPostprocessing = 0;
		};
		E0DEAF6E1BE685840018EA8B /* Frameworks */ = {
			isa = PBXFrameworksBuildPhase;
			buildActionMask = 2147483647;
			files = (
			);
			runOnlyForDeploymentPostprocessing = 0;
		};
/* End PBXFrameworksBuildPhase section */

/* Begin PBXGroup section */
		E020529D1BF7C997003BD3A0 /* Files tab */ = {
			isa = PBXGroup;
			children = (
				E0363E641BEE5BBB00C8584F /* MasterNavigationController.swift */,
				E0E5D8261BEFAD220010A976 /* FileBrowserTableViewController.swift */,
				E0E5D82A1BEFE76F0010A976 /* NavigationHistoryTableViewController.swift */,
				E0363E5F1BEDA1F800C8584F /* FileContentsViewController.swift */,
				E06EB6B11BF7D5500035D2E6 /* FileContentsConfigViewController.swift */,
			);
			name = "Files tab";
			sourceTree = "<group>";
		};
		E06EB6B91BF7D7000035D2E6 /* Progress cell */ = {
			isa = PBXGroup;
			children = (
				E0C713141BEEC8CD008595B9 /* ProgressTableViewCell.swift */,
				E0C713151BEEC8CD008595B9 /* ProgressTableViewCell.xib */,
			);
			name = "Progress cell";
			sourceTree = "<group>";
		};
		E06EB6BB1BF7D7110035D2E6 /* Switch cell */ = {
			isa = PBXGroup;
			children = (
				E06EB6B51BF7D6F70035D2E6 /* SwitchTableViewCell.swift */,
				E06EB6B61BF7D6F70035D2E6 /* SwitchTableViewCell.xib */,
			);
			name = "Switch cell";
			sourceTree = "<group>";
		};
		E0954D241BED8A2100649A5E /* View */ = {
			isa = PBXGroup;
			children = (
				E020529D1BF7C997003BD3A0 /* Files tab */,
				E0954D1A1BED713F00649A5E /* RepositoryTableViewController.swift */,
				E06EB6C01BF7E3990035D2E6 /* CypressNavigationController.swift */,
				E06EB6B91BF7D7000035D2E6 /* Progress cell */,
				E00FE2781BF014CC00BBC45A /* CypressTabBarViewController.swift */,
				E06EB6BB1BF7D7110035D2E6 /* Switch cell */,
			);
			name = View;
			sourceTree = "<group>";
		};
		E0954D251BED8A2E00649A5E /* Model */ = {
			isa = PBXGroup;
			children = (
				E0954D221BED74D200649A5E /* CypressFunctions.swift */,
				E0954D201BED725E00649A5E /* Repository.swift */,
				E0954D1E1BED718B00649A5E /* RepositoryList.swift */,
				E00FE27A1BF0223400BBC45A /* AppState.swift */,
				E06EB6BC1BF7DBA30035D2E6 /* FileContentsViewSettings.swift */,
				E06EB6C21BF7EEF20035D2E6 /* OpenFile.swift */,
			);
			name = Model;
			sourceTree = "<group>";
		};
		E0A7750A1BE68FB20021EE34 /* Products */ = {
			isa = PBXGroup;
			children = (
				E0A775111BE68FB20021EE34 /* GitUpKit.framework */,
				E0A775131BE68FB20021EE34 /* GitUpKit.framework */,
				E0A775151BE68FB20021EE34 /* GitUpTests.xctest */,
			);
			name = Products;
			sourceTree = "<group>";
		};
		E0DEAF491BE685840018EA8B = {
			isa = PBXGroup;
			children = (
				E0A775091BE68FB20021EE34 /* GitUpKit.xcodeproj */,
				E0DEAF541BE685840018EA8B /* Cypress */,
				E0DEAF691BE685840018EA8B /* CypressTests */,
				E0DEAF741BE685840018EA8B /* CypressUITests */,
				E0DEAF531BE685840018EA8B /* Products */,
			);
			sourceTree = "<group>";
		};
		E0DEAF531BE685840018EA8B /* Products */ = {
			isa = PBXGroup;
			children = (
				E0DEAF521BE685840018EA8B /* Cypress.app */,
				E0DEAF661BE685840018EA8B /* CypressTests.xctest */,
				E0DEAF711BE685840018EA8B /* CypressUITests.xctest */,
			);
			name = Products;
			sourceTree = "<group>";
		};
		E0DEAF541BE685840018EA8B /* Cypress */ = {
			isa = PBXGroup;
			children = (
				E0954D251BED8A2E00649A5E /* Model */,
				E0954D241BED8A2100649A5E /* View */,
				E0DEAF551BE685840018EA8B /* AppDelegate.swift */,
				E0DEAF591BE685840018EA8B /* Main.storyboard */,
				E0DEAF5C1BE685840018EA8B /* Assets.xcassets */,
				E0DEAF5E1BE685840018EA8B /* LaunchScreen.storyboard */,
				E0DEAF611BE685840018EA8B /* Info.plist */,
			);
			path = Cypress;
			sourceTree = "<group>";
		};
		E0DEAF691BE685840018EA8B /* CypressTests */ = {
			isa = PBXGroup;
			children = (
				E0DEAF6A1BE685840018EA8B /* CypressTests.swift */,
				E0DEAF6C1BE685840018EA8B /* Info.plist */,
			);
			path = CypressTests;
			sourceTree = "<group>";
		};
		E0DEAF741BE685840018EA8B /* CypressUITests */ = {
			isa = PBXGroup;
			children = (
				E0DEAF751BE685840018EA8B /* CypressUITests.swift */,
				E0DEAF771BE685840018EA8B /* Info.plist */,
			);
			path = CypressUITests;
			sourceTree = "<group>";
		};
/* End PBXGroup section */

/* Begin PBXNativeTarget section */
		E0DEAF511BE685840018EA8B /* Cypress */ = {
			isa = PBXNativeTarget;
			buildConfigurationList = E0DEAF7A1BE685840018EA8B /* Build configuration list for PBXNativeTarget "Cypress" */;
			buildPhases = (
				E0DEAF4E1BE685840018EA8B /* Sources */,
				E0DEAF4F1BE685840018EA8B /* Frameworks */,
				E0DEAF501BE685840018EA8B /* Resources */,
				E0A775211BE691EF0021EE34 /* Embed Frameworks */,
			);
			buildRules = (
			);
			dependencies = (
				E0A775201BE691EF0021EE34 /* PBXTargetDependency */,
			);
			name = Cypress;
			productName = Cypress;
			productReference = E0DEAF521BE685840018EA8B /* Cypress.app */;
			productType = "com.apple.product-type.application";
		};
		E0DEAF651BE685840018EA8B /* CypressTests */ = {
			isa = PBXNativeTarget;
			buildConfigurationList = E0DEAF7D1BE685840018EA8B /* Build configuration list for PBXNativeTarget "CypressTests" */;
			buildPhases = (
				E0DEAF621BE685840018EA8B /* Sources */,
				E0DEAF631BE685840018EA8B /* Frameworks */,
				E0DEAF641BE685840018EA8B /* Resources */,
			);
			buildRules = (
			);
			dependencies = (
				E0DEAF681BE685840018EA8B /* PBXTargetDependency */,
			);
			name = CypressTests;
			productName = CypressTests;
			productReference = E0DEAF661BE685840018EA8B /* CypressTests.xctest */;
			productType = "com.apple.product-type.bundle.unit-test";
		};
		E0DEAF701BE685840018EA8B /* CypressUITests */ = {
			isa = PBXNativeTarget;
			buildConfigurationList = E0DEAF801BE685840018EA8B /* Build configuration list for PBXNativeTarget "CypressUITests" */;
			buildPhases = (
				E0DEAF6D1BE685840018EA8B /* Sources */,
				E0DEAF6E1BE685840018EA8B /* Frameworks */,
				E0DEAF6F1BE685840018EA8B /* Resources */,
			);
			buildRules = (
			);
			dependencies = (
				E0DEAF731BE685840018EA8B /* PBXTargetDependency */,
			);
			name = CypressUITests;
			productName = CypressUITests;
			productReference = E0DEAF711BE685840018EA8B /* CypressUITests.xctest */;
			productType = "com.apple.product-type.bundle.ui-testing";
		};
/* End PBXNativeTarget section */

/* Begin PBXProject section */
		E0DEAF4A1BE685840018EA8B /* Project object */ = {
			isa = PBXProject;
			attributes = {
				LastSwiftUpdateCheck = 0710;
				LastUpgradeCheck = 0710;
				ORGANIZATIONNAME = "Daniel Weiner";
				TargetAttributes = {
					E0DEAF511BE685840018EA8B = {
						CreatedOnToolsVersion = 7.1;
					};
					E0DEAF651BE685840018EA8B = {
						CreatedOnToolsVersion = 7.1;
						TestTargetID = E0DEAF511BE685840018EA8B;
					};
					E0DEAF701BE685840018EA8B = {
						CreatedOnToolsVersion = 7.1;
						TestTargetID = E0DEAF511BE685840018EA8B;
					};
				};
			};
			buildConfigurationList = E0DEAF4D1BE685840018EA8B /* Build configuration list for PBXProject "Cypress" */;
			compatibilityVersion = "Xcode 3.2";
			developmentRegion = English;
			hasScannedForEncodings = 0;
			knownRegions = (
				en,
				Base,
			);
			mainGroup = E0DEAF491BE685840018EA8B;
			productRefGroup = E0DEAF531BE685840018EA8B /* Products */;
			projectDirPath = "";
			projectReferences = (
				{
					ProductGroup = E0A7750A1BE68FB20021EE34 /* Products */;
					ProjectRef = E0A775091BE68FB20021EE34 /* GitUpKit.xcodeproj */;
				},
			);
			projectRoot = "";
			targets = (
				E0DEAF511BE685840018EA8B /* Cypress */,
				E0DEAF651BE685840018EA8B /* CypressTests */,
				E0DEAF701BE685840018EA8B /* CypressUITests */,
			);
		};
/* End PBXProject section */

/* Begin PBXReferenceProxy section */
		E0A775111BE68FB20021EE34 /* GitUpKit.framework */ = {
			isa = PBXReferenceProxy;
			fileType = wrapper.framework;
			path = GitUpKit.framework;
			remoteRef = E0A775101BE68FB20021EE34 /* PBXContainerItemProxy */;
			sourceTree = BUILT_PRODUCTS_DIR;
		};
		E0A775131BE68FB20021EE34 /* GitUpKit.framework */ = {
			isa = PBXReferenceProxy;
			fileType = wrapper.framework;
			path = GitUpKit.framework;
			remoteRef = E0A775121BE68FB20021EE34 /* PBXContainerItemProxy */;
			sourceTree = BUILT_PRODUCTS_DIR;
		};
		E0A775151BE68FB20021EE34 /* GitUpTests.xctest */ = {
			isa = PBXReferenceProxy;
			fileType = wrapper.cfbundle;
			path = GitUpTests.xctest;
			remoteRef = E0A775141BE68FB20021EE34 /* PBXContainerItemProxy */;
			sourceTree = BUILT_PRODUCTS_DIR;
		};
/* End PBXReferenceProxy section */

/* Begin PBXResourcesBuildPhase section */
		E0DEAF501BE685840018EA8B /* Resources */ = {
			isa = PBXResourcesBuildPhase;
			buildActionMask = 2147483647;
			files = (
				E0DEAF601BE685840018EA8B /* LaunchScreen.storyboard in Resources */,
				E0DEAF5D1BE685840018EA8B /* Assets.xcassets in Resources */,
				E0DEAF5B1BE685840018EA8B /* Main.storyboard in Resources */,
				E0C713171BEEC8CD008595B9 /* ProgressTableViewCell.xib in Resources */,
				E06EB6B81BF7D6F70035D2E6 /* SwitchTableViewCell.xib in Resources */,
			);
			runOnlyForDeploymentPostprocessing = 0;
		};
		E0DEAF641BE685840018EA8B /* Resources */ = {
			isa = PBXResourcesBuildPhase;
			buildActionMask = 2147483647;
			files = (
			);
			runOnlyForDeploymentPostprocessing = 0;
		};
		E0DEAF6F1BE685840018EA8B /* Resources */ = {
			isa = PBXResourcesBuildPhase;
			buildActionMask = 2147483647;
			files = (
			);
			runOnlyForDeploymentPostprocessing = 0;
		};
/* End PBXResourcesBuildPhase section */

/* Begin PBXSourcesBuildPhase section */
		E0DEAF4E1BE685840018EA8B /* Sources */ = {
			isa = PBXSourcesBuildPhase;
			buildActionMask = 2147483647;
			files = (
				E0C713161BEEC8CD008595B9 /* ProgressTableViewCell.swift in Sources */,
				E0954D1B1BED713F00649A5E /* RepositoryTableViewController.swift in Sources */,
				E00FE2791BF014CC00BBC45A /* CypressTabBarViewController.swift in Sources */,
				E06EB6BD1BF7DBA30035D2E6 /* FileContentsViewSettings.swift in Sources */,
				E06EB6C31BF7EEF20035D2E6 /* OpenFile.swift in Sources */,
				E06EB6B71BF7D6F70035D2E6 /* SwitchTableViewCell.swift in Sources */,
				E06EB6B21BF7D5500035D2E6 /* FileContentsConfigViewController.swift in Sources */,
				E00FE27B1BF0223400BBC45A /* AppState.swift in Sources */,
				E0954D211BED725E00649A5E /* Repository.swift in Sources */,
				E0DEAF561BE685840018EA8B /* AppDelegate.swift in Sources */,
				E0954D1F1BED718B00649A5E /* RepositoryList.swift in Sources */,
				E0E5D8271BEFAD220010A976 /* FileBrowserTableViewController.swift in Sources */,
				E06EB6C11BF7E3990035D2E6 /* CypressNavigationController.swift in Sources */,
				E0E5D82C1BEFE76F0010A976 /* NavigationHistoryTableViewController.swift in Sources */,
				E0954D231BED74D200649A5E /* CypressFunctions.swift in Sources */,
				E0363E651BEE5BBB00C8584F /* MasterNavigationController.swift in Sources */,
				E0363E601BEDA1F800C8584F /* FileContentsViewController.swift in Sources */,
			);
			runOnlyForDeploymentPostprocessing = 0;
		};
		E0DEAF621BE685840018EA8B /* Sources */ = {
			isa = PBXSourcesBuildPhase;
			buildActionMask = 2147483647;
			files = (
				E0DEAF6B1BE685840018EA8B /* CypressTests.swift in Sources */,
			);
			runOnlyForDeploymentPostprocessing = 0;
		};
		E0DEAF6D1BE685840018EA8B /* Sources */ = {
			isa = PBXSourcesBuildPhase;
			buildActionMask = 2147483647;
			files = (
				E0DEAF761BE685840018EA8B /* CypressUITests.swift in Sources */,
			);
			runOnlyForDeploymentPostprocessing = 0;
		};
/* End PBXSourcesBuildPhase section */

/* Begin PBXTargetDependency section */
		E0A775201BE691EF0021EE34 /* PBXTargetDependency */ = {
			isa = PBXTargetDependency;
			name = "GitUpKit (iOS)";
			targetProxy = E0A7751F1BE691EF0021EE34 /* PBXContainerItemProxy */;
		};
		E0DEAF681BE685840018EA8B /* PBXTargetDependency */ = {
			isa = PBXTargetDependency;
			target = E0DEAF511BE685840018EA8B /* Cypress */;
			targetProxy = E0DEAF671BE685840018EA8B /* PBXContainerItemProxy */;
		};
		E0DEAF731BE685840018EA8B /* PBXTargetDependency */ = {
			isa = PBXTargetDependency;
			target = E0DEAF511BE685840018EA8B /* Cypress */;
			targetProxy = E0DEAF721BE685840018EA8B /* PBXContainerItemProxy */;
		};
/* End PBXTargetDependency section */

/* Begin PBXVariantGroup section */
		E0DEAF591BE685840018EA8B /* Main.storyboard */ = {
			isa = PBXVariantGroup;
			children = (
				E0DEAF5A1BE685840018EA8B /* Base */,
			);
			name = Main.storyboard;
			sourceTree = "<group>";
		};
		E0DEAF5E1BE685840018EA8B /* LaunchScreen.storyboard */ = {
			isa = PBXVariantGroup;
			children = (
				E0DEAF5F1BE685840018EA8B /* Base */,
			);
			name = LaunchScreen.storyboard;
			sourceTree = "<group>";
		};
/* End PBXVariantGroup section */

/* Begin XCBuildConfiguration section */
		E0DEAF781BE685840018EA8B /* Debug */ = {
			isa = XCBuildConfiguration;
			buildSettings = {
				ALWAYS_SEARCH_USER_PATHS = NO;
				CLANG_CXX_LANGUAGE_STANDARD = "gnu++0x";
				CLANG_CXX_LIBRARY = "libc++";
				CLANG_ENABLE_MODULES = YES;
				CLANG_ENABLE_OBJC_ARC = YES;
				CLANG_WARN_BOOL_CONVERSION = YES;
				CLANG_WARN_CONSTANT_CONVERSION = YES;
				CLANG_WARN_DIRECT_OBJC_ISA_USAGE = YES_ERROR;
				CLANG_WARN_EMPTY_BODY = YES;
				CLANG_WARN_ENUM_CONVERSION = YES;
				CLANG_WARN_INT_CONVERSION = YES;
				CLANG_WARN_OBJC_ROOT_CLASS = YES_ERROR;
				CLANG_WARN_UNREACHABLE_CODE = YES;
				CLANG_WARN__DUPLICATE_METHOD_MATCH = YES;
				"CODE_SIGN_IDENTITY[sdk=iphoneos*]" = "iPhone Developer";
				COPY_PHASE_STRIP = NO;
				DEBUG_INFORMATION_FORMAT = dwarf;
				ENABLE_STRICT_OBJC_MSGSEND = YES;
				ENABLE_TESTABILITY = YES;
				GCC_C_LANGUAGE_STANDARD = gnu99;
				GCC_DYNAMIC_NO_PIC = NO;
				GCC_NO_COMMON_BLOCKS = YES;
				GCC_OPTIMIZATION_LEVEL = 0;
				GCC_PREPROCESSOR_DEFINITIONS = (
					"DEBUG=1",
					"$(inherited)",
				);
				GCC_WARN_64_TO_32_BIT_CONVERSION = YES;
				GCC_WARN_ABOUT_RETURN_TYPE = YES_ERROR;
				GCC_WARN_UNDECLARED_SELECTOR = YES;
				GCC_WARN_UNINITIALIZED_AUTOS = YES_AGGRESSIVE;
				GCC_WARN_UNUSED_FUNCTION = YES;
				GCC_WARN_UNUSED_VARIABLE = YES;
				IPHONEOS_DEPLOYMENT_TARGET = 9.1;
				MTL_ENABLE_DEBUG_INFO = YES;
				ONLY_ACTIVE_ARCH = YES;
				SDKROOT = iphoneos;
				SWIFT_OPTIMIZATION_LEVEL = "-Onone";
				TARGETED_DEVICE_FAMILY = "1,2";
			};
			name = Debug;
		};
		E0DEAF791BE685840018EA8B /* Release */ = {
			isa = XCBuildConfiguration;
			buildSettings = {
				ALWAYS_SEARCH_USER_PATHS = NO;
				CLANG_CXX_LANGUAGE_STANDARD = "gnu++0x";
				CLANG_CXX_LIBRARY = "libc++";
				CLANG_ENABLE_MODULES = YES;
				CLANG_ENABLE_OBJC_ARC = YES;
				CLANG_WARN_BOOL_CONVERSION = YES;
				CLANG_WARN_CONSTANT_CONVERSION = YES;
				CLANG_WARN_DIRECT_OBJC_ISA_USAGE = YES_ERROR;
				CLANG_WARN_EMPTY_BODY = YES;
				CLANG_WARN_ENUM_CONVERSION = YES;
				CLANG_WARN_INT_CONVERSION = YES;
				CLANG_WARN_OBJC_ROOT_CLASS = YES_ERROR;
				CLANG_WARN_UNREACHABLE_CODE = YES;
				CLANG_WARN__DUPLICATE_METHOD_MATCH = YES;
				"CODE_SIGN_IDENTITY[sdk=iphoneos*]" = "iPhone Developer";
				COPY_PHASE_STRIP = NO;
				DEBUG_INFORMATION_FORMAT = "dwarf-with-dsym";
				ENABLE_NS_ASSERTIONS = NO;
				ENABLE_STRICT_OBJC_MSGSEND = YES;
				GCC_C_LANGUAGE_STANDARD = gnu99;
				GCC_NO_COMMON_BLOCKS = YES;
				GCC_WARN_64_TO_32_BIT_CONVERSION = YES;
				GCC_WARN_ABOUT_RETURN_TYPE = YES_ERROR;
				GCC_WARN_UNDECLARED_SELECTOR = YES;
				GCC_WARN_UNINITIALIZED_AUTOS = YES_AGGRESSIVE;
				GCC_WARN_UNUSED_FUNCTION = YES;
				GCC_WARN_UNUSED_VARIABLE = YES;
				IPHONEOS_DEPLOYMENT_TARGET = 9.1;
				MTL_ENABLE_DEBUG_INFO = NO;
				SDKROOT = iphoneos;
				TARGETED_DEVICE_FAMILY = "1,2";
				VALIDATE_PRODUCT = YES;
			};
			name = Release;
		};
		E0DEAF7B1BE685840018EA8B /* Debug */ = {
			isa = XCBuildConfiguration;
			buildSettings = {
				ASSETCATALOG_COMPILER_APPICON_NAME = AppIcon;
				INFOPLIST_FILE = Cypress/Info.plist;
				LD_RUNPATH_SEARCH_PATHS = "$(inherited) @executable_path/Frameworks";
				LIBRARY_SEARCH_PATHS = (
					"$(inherited)",
					"$(PROJECT_DIR)/GitUpKit/Third-Party/Libraries/libsqlite3/iPhoneOS/lib",
					"$(PROJECT_DIR)/GitUpKit/Third-Party/Libraries/libsqlite3/iPhoneSimulator/lib",
					"$(PROJECT_DIR)/GitUpKit/Third-Party/Libraries/libsqlite3/MacOSX/lib",
					"$(PROJECT_DIR)/GitUpKit/Third-Party/Libraries/libssh2/iPhoneOS/lib",
					"$(PROJECT_DIR)/GitUpKit/Third-Party/Libraries/libssh2/iPhoneSimulator/lib",
					"$(PROJECT_DIR)/GitUpKit/Third-Party/Libraries/libssh2/MacOSX/lib",
					"$(PROJECT_DIR)/GitUpKit/Third-Party/Libraries/libssl/iPhoneOS/lib",
					"$(PROJECT_DIR)/GitUpKit/Third-Party/Libraries/libssl/iPhoneSimulator/lib",
					"$(PROJECT_DIR)/GitUpKit/Third-Party/Libraries/libssl/MacOSX/lib",
				);
				PRODUCT_BUNDLE_IDENTIFIER = com.danielweiner.Cypress;
				PRODUCT_NAME = "$(TARGET_NAME)";
				TARGETED_DEVICE_FAMILY = 2;
			};
			name = Debug;
		};
		E0DEAF7C1BE685840018EA8B /* Release */ = {
			isa = XCBuildConfiguration;
			buildSettings = {
				ASSETCATALOG_COMPILER_APPICON_NAME = AppIcon;
				INFOPLIST_FILE = Cypress/Info.plist;
				LD_RUNPATH_SEARCH_PATHS = "$(inherited) @executable_path/Frameworks";
				LIBRARY_SEARCH_PATHS = (
					"$(inherited)",
					"$(PROJECT_DIR)/GitUpKit/Third-Party/Libraries/libsqlite3/iPhoneOS/lib",
					"$(PROJECT_DIR)/GitUpKit/Third-Party/Libraries/libsqlite3/iPhoneSimulator/lib",
					"$(PROJECT_DIR)/GitUpKit/Third-Party/Libraries/libsqlite3/MacOSX/lib",
					"$(PROJECT_DIR)/GitUpKit/Third-Party/Libraries/libssh2/iPhoneOS/lib",
					"$(PROJECT_DIR)/GitUpKit/Third-Party/Libraries/libssh2/iPhoneSimulator/lib",
					"$(PROJECT_DIR)/GitUpKit/Third-Party/Libraries/libssh2/MacOSX/lib",
					"$(PROJECT_DIR)/GitUpKit/Third-Party/Libraries/libssl/iPhoneOS/lib",
					"$(PROJECT_DIR)/GitUpKit/Third-Party/Libraries/libssl/iPhoneSimulator/lib",
					"$(PROJECT_DIR)/GitUpKit/Third-Party/Libraries/libssl/MacOSX/lib",
				);
				PRODUCT_BUNDLE_IDENTIFIER = com.danielweiner.Cypress;
				PRODUCT_NAME = "$(TARGET_NAME)";
				TARGETED_DEVICE_FAMILY = 2;
			};
			name = Release;
		};
		E0DEAF7E1BE685840018EA8B /* Debug */ = {
			isa = XCBuildConfiguration;
			buildSettings = {
				BUNDLE_LOADER = "$(TEST_HOST)";
				INFOPLIST_FILE = CypressTests/Info.plist;
				LD_RUNPATH_SEARCH_PATHS = "$(inherited) @executable_path/Frameworks @loader_path/Frameworks";
				PRODUCT_BUNDLE_IDENTIFIER = com.danielweiner.CypressTests;
				PRODUCT_NAME = "$(TARGET_NAME)";
				TEST_HOST = "$(BUILT_PRODUCTS_DIR)/Cypress.app/Cypress";
			};
			name = Debug;
		};
		E0DEAF7F1BE685840018EA8B /* Release */ = {
			isa = XCBuildConfiguration;
			buildSettings = {
				BUNDLE_LOADER = "$(TEST_HOST)";
				INFOPLIST_FILE = CypressTests/Info.plist;
				LD_RUNPATH_SEARCH_PATHS = "$(inherited) @executable_path/Frameworks @loader_path/Frameworks";
				PRODUCT_BUNDLE_IDENTIFIER = com.danielweiner.CypressTests;
				PRODUCT_NAME = "$(TARGET_NAME)";
				TEST_HOST = "$(BUILT_PRODUCTS_DIR)/Cypress.app/Cypress";
			};
			name = Release;
		};
		E0DEAF811BE685840018EA8B /* Debug */ = {
			isa = XCBuildConfiguration;
			buildSettings = {
				INFOPLIST_FILE = CypressUITests/Info.plist;
				LD_RUNPATH_SEARCH_PATHS = "$(inherited) @executable_path/Frameworks @loader_path/Frameworks";
				PRODUCT_BUNDLE_IDENTIFIER = com.danielweiner.CypressUITests;
				PRODUCT_NAME = "$(TARGET_NAME)";
				TEST_TARGET_NAME = Cypress;
				USES_XCTRUNNER = YES;
			};
			name = Debug;
		};
		E0DEAF821BE685840018EA8B /* Release */ = {
			isa = XCBuildConfiguration;
			buildSettings = {
				INFOPLIST_FILE = CypressUITests/Info.plist;
				LD_RUNPATH_SEARCH_PATHS = "$(inherited) @executable_path/Frameworks @loader_path/Frameworks";
				PRODUCT_BUNDLE_IDENTIFIER = com.danielweiner.CypressUITests;
				PRODUCT_NAME = "$(TARGET_NAME)";
				TEST_TARGET_NAME = Cypress;
				USES_XCTRUNNER = YES;
			};
			name = Release;
		};
/* End XCBuildConfiguration section */

/* Begin XCConfigurationList section */
		E0DEAF4D1BE685840018EA8B /* Build configuration list for PBXProject "Cypress" */ = {
			isa = XCConfigurationList;
			buildConfigurations = (
				E0DEAF781BE685840018EA8B /* Debug */,
				E0DEAF791BE685840018EA8B /* Release */,
			);
			defaultConfigurationIsVisible = 0;
			defaultConfigurationName = Release;
		};
		E0DEAF7A1BE685840018EA8B /* Build configuration list for PBXNativeTarget "Cypress" */ = {
			isa = XCConfigurationList;
			buildConfigurations = (
				E0DEAF7B1BE685840018EA8B /* Debug */,
				E0DEAF7C1BE685840018EA8B /* Release */,
			);
			defaultConfigurationIsVisible = 0;
			defaultConfigurationName = Release;
		};
		E0DEAF7D1BE685840018EA8B /* Build configuration list for PBXNativeTarget "CypressTests" */ = {
			isa = XCConfigurationList;
			buildConfigurations = (
				E0DEAF7E1BE685840018EA8B /* Debug */,
				E0DEAF7F1BE685840018EA8B /* Release */,
			);
			defaultConfigurationIsVisible = 0;
			defaultConfigurationName = Release;
		};
		E0DEAF801BE685840018EA8B /* Build configuration list for PBXNativeTarget "CypressUITests" */ = {
			isa = XCConfigurationList;
			buildConfigurations = (
				E0DEAF811BE685840018EA8B /* Debug */,
				E0DEAF821BE685840018EA8B /* Release */,
			);
			defaultConfigurationIsVisible = 0;
			defaultConfigurationName = Release;
		};
/* End XCConfigurationList section */
	};
	rootObject = E0DEAF4A1BE685840018EA8B /* Project object */;
}
